// !$*UTF8*$!
{
	archiveVersion = 1;
	classes = {
	};
	objectVersion = 52;
	objects = {

/* Begin PBXBuildFile section */
		9A00210726A5E762006DEA70 /* SF-Compact-Display-Regular.otf in Resources */ = {isa = PBXBuildFile; fileRef = 9A00210526A5E762006DEA70 /* SF-Compact-Display-Regular.otf */; };
		9A00210826A5E762006DEA70 /* SF-Mono-Regular.otf in Resources */ = {isa = PBXBuildFile; fileRef = 9A00210626A5E762006DEA70 /* SF-Mono-Regular.otf */; };
		9A2C625E26C0CA9F00726FFB /* Debug.swift in Sources */ = {isa = PBXBuildFile; fileRef = 9A2C625D26C0CA9F00726FFB /* Debug.swift */; };
		9A2C626026C0CCEA00726FFB /* LinkHelper.swift in Sources */ = {isa = PBXBuildFile; fileRef = 9A2C625F26C0CCEA00726FFB /* LinkHelper.swift */; };
		9A2DDF6C2681441100DB84BA /* SingleImageSelection.swift in Sources */ = {isa = PBXBuildFile; fileRef = 9A2DDF6B2681441100DB84BA /* SingleImageSelection.swift */; };
		9A2DDF6E2681532F00DB84BA /* SingleMovieSelection.swift in Sources */ = {isa = PBXBuildFile; fileRef = 9A2DDF6D2681532F00DB84BA /* SingleMovieSelection.swift */; };
		9A2DDF702681534F00DB84BA /* SingleDirectorySelection.swift in Sources */ = {isa = PBXBuildFile; fileRef = 9A2DDF6F2681534F00DB84BA /* SingleDirectorySelection.swift */; };
		9A2DDF722681537D00DB84BA /* SingleApplicationSelection.swift in Sources */ = {isa = PBXBuildFile; fileRef = 9A2DDF712681537D00DB84BA /* SingleApplicationSelection.swift */; };
		9A2DDF74268153A100DB84BA /* SingleAudioSelection.swift in Sources */ = {isa = PBXBuildFile; fileRef = 9A2DDF73268153A100DB84BA /* SingleAudioSelection.swift */; };
		9A2DDF7626825D6700DB84BA /* SecurityBookmarkHelper.swift in Sources */ = {isa = PBXBuildFile; fileRef = 9A2DDF7526825D6700DB84BA /* SecurityBookmarkHelper.swift */; };
		9A2DDF79268264B000DB84BA /* SettingsUserDefaults.swift in Sources */ = {isa = PBXBuildFile; fileRef = 9A2DDF78268264B000DB84BA /* SettingsUserDefaults.swift */; };
		9A2DDF7B2682A3CF00DB84BA /* PanelSingleFrame.swift in Sources */ = {isa = PBXBuildFile; fileRef = 9A2DDF7A2682A3CF00DB84BA /* PanelSingleFrame.swift */; };
		9A2DDF7F2682A7F800DB84BA /* PanelSingleImageItem.swift in Sources */ = {isa = PBXBuildFile; fileRef = 9A2DDF7E2682A7F800DB84BA /* PanelSingleImageItem.swift */; };
		9A2DDF812682A81200DB84BA /* PanelSingleMovieItem.swift in Sources */ = {isa = PBXBuildFile; fileRef = 9A2DDF802682A81200DB84BA /* PanelSingleMovieItem.swift */; };
		9A2DDF832682A81E00DB84BA /* PanelSingleAudioItem.swift in Sources */ = {isa = PBXBuildFile; fileRef = 9A2DDF822682A81E00DB84BA /* PanelSingleAudioItem.swift */; };
		9A2DDF852682A82900DB84BA /* PanelSingleDirectoryItem.swift in Sources */ = {isa = PBXBuildFile; fileRef = 9A2DDF842682A82900DB84BA /* PanelSingleDirectoryItem.swift */; };
		9A2DDF872682A83300DB84BA /* PanelSingleApplicationItem.swift in Sources */ = {isa = PBXBuildFile; fileRef = 9A2DDF862682A83300DB84BA /* PanelSingleApplicationItem.swift */; };
		9A2DDF8926865C5300DB84BA /* CacheHelper.swift in Sources */ = {isa = PBXBuildFile; fileRef = 9A2DDF8826865C5300DB84BA /* CacheHelper.swift */; };
		9A2DDF8F2686971200DB84BA /* SingleVolumeSelection.swift in Sources */ = {isa = PBXBuildFile; fileRef = 9A2DDF8E2686971200DB84BA /* SingleVolumeSelection.swift */; };
		9A2DDF912686989000DB84BA /* PanelSingleVolumeItem.swift in Sources */ = {isa = PBXBuildFile; fileRef = 9A2DDF902686989000DB84BA /* PanelSingleVolumeItem.swift */; };
		9A2DDF93268A506A00DB84BA /* PanelSelectionErrorItem.swift in Sources */ = {isa = PBXBuildFile; fileRef = 9A2DDF92268A506A00DB84BA /* PanelSelectionErrorItem.swift */; };
		9A2DDF95268A585A00DB84BA /* SingleErrorSelection.swift in Sources */ = {isa = PBXBuildFile; fileRef = 9A2DDF94268A585A00DB84BA /* SingleErrorSelection.swift */; };
		9A389165265B0CB2005F0F04 /* Localizable.strings in Resources */ = {isa = PBXBuildFile; fileRef = 9A389167265B0CB2005F0F04 /* Localizable.strings */; };
		9A43162426265A1F0071227C /* AppDelegate.swift in Sources */ = {isa = PBXBuildFile; fileRef = 9A43162326265A1F0071227C /* AppDelegate.swift */; };
		9A43162626265A1F0071227C /* ContentView.swift in Sources */ = {isa = PBXBuildFile; fileRef = 9A43162526265A1F0071227C /* ContentView.swift */; };
		9A43162826265A210071227C /* Assets.xcassets in Resources */ = {isa = PBXBuildFile; fileRef = 9A43162726265A210071227C /* Assets.xcassets */; };
		9A43162B26265A210071227C /* Preview Assets.xcassets in Resources */ = {isa = PBXBuildFile; fileRef = 9A43162A26265A210071227C /* Preview Assets.xcassets */; };
		9A43165626265D1C0071227C /* StatusBarController.swift in Sources */ = {isa = PBXBuildFile; fileRef = 9A43165526265D1C0071227C /* StatusBarController.swift */; };
		9A481FA92677E945006B91C2 /* InactiveWindowTapHelper.swift in Sources */ = {isa = PBXBuildFile; fileRef = 9A481FA82677E945006B91C2 /* InactiveWindowTapHelper.swift */; };
		9A481FAB26780F86006B91C2 /* InterfaceAlertController.swift in Sources */ = {isa = PBXBuildFile; fileRef = 9A481FAA26780F86006B91C2 /* InterfaceAlertController.swift */; };
		9A481FAE26782335006B91C2 /* PanelAlert.swift in Sources */ = {isa = PBXBuildFile; fileRef = 9A481FAD26782335006B91C2 /* PanelAlert.swift */; };
		9A481FB0267914DA006B91C2 /* ComponentsExtra.swift in Sources */ = {isa = PBXBuildFile; fileRef = 9A481FAF267914DA006B91C2 /* ComponentsExtra.swift */; };
		9A481FB2267921BE006B91C2 /* PasteboardHelper.swift in Sources */ = {isa = PBXBuildFile; fileRef = 9A481FB1267921BE006B91C2 /* PasteboardHelper.swift */; };
		9A51EC8B26A1E09600565670 /* PanelAuthErrorItem.swift in Sources */ = {isa = PBXBuildFile; fileRef = 9A51EC8A26A1E09500565670 /* PanelAuthErrorItem.swift */; };
		9A64FC9D26266D0800CE52E4 /* GlobalEventMonitor.swift in Sources */ = {isa = PBXBuildFile; fileRef = 9A64FC9C26266D0800CE52E4 /* GlobalEventMonitor.swift */; };
		9A64FCAA2626814B00CE52E4 /* KeyboardShortcuts in Frameworks */ = {isa = PBXBuildFile; productRef = 9A64FCA92626814B00CE52E4 /* KeyboardShortcuts */; };
		9A7F3B2226268F5F00BD878F /* ExtensionsShortcuts.swift in Sources */ = {isa = PBXBuildFile; fileRef = 9A7F3B2126268F5F00BD878F /* ExtensionsShortcuts.swift */; };
		9A7F3B29262693BE00BD878F /* SettingsView.swift in Sources */ = {isa = PBXBuildFile; fileRef = 9A7F3B28262693BE00BD878F /* SettingsView.swift */; };
		9A7F3B4C2626A37E00BD878F /* AppleScriptsHelper.swift in Sources */ = {isa = PBXBuildFile; fileRef = 9A7F3B4B2626A37E00BD878F /* AppleScriptsHelper.swift */; };
		9A7F3B512626BA2700BD878F /* ExtensionsGlobal.swift in Sources */ = {isa = PBXBuildFile; fileRef = 9A7F3B502626BA2700BD878F /* ExtensionsGlobal.swift */; };
		9A9061A1266AC1780043A334 /* PanelProtocol.swift in Sources */ = {isa = PBXBuildFile; fileRef = 9A9061A0266AC1780043A334 /* PanelProtocol.swift */; };
		9A97E0C1269E68C600FF757B /* IFWindowController.swift in Sources */ = {isa = PBXBuildFile; fileRef = 9A97E0C0269E68C600FF757B /* IFWindowController.swift */; };
		9A97E0C3269E6BA400FF757B /* AuthAccessibilityView.swift in Sources */ = {isa = PBXBuildFile; fileRef = 9A97E0C2269E6BA400FF757B /* AuthAccessibilityView.swift */; };
		9A97E0C526A2573700FF757B /* WelcomeView.swift in Sources */ = {isa = PBXBuildFile; fileRef = 9A97E0C426A2573700FF757B /* WelcomeView.swift */; };
		9A97E0C726A32CDA00FF757B /* ComponentsWindow.swift in Sources */ = {isa = PBXBuildFile; fileRef = 9A97E0C626A32CDA00FF757B /* ComponentsWindow.swift */; };
		9A97E0CC26A7740F00FF757B /* InterfacePanelController.swift in Sources */ = {isa = PBXBuildFile; fileRef = 9A97E0CB26A7740F00FF757B /* InterfacePanelController.swift */; };
		9A9C1B8F268AA575001CF265 /* InterfaceCloseController.swift in Sources */ = {isa = PBXBuildFile; fileRef = 9A9C1B8E268AA575001CF265 /* InterfaceCloseController.swift */; };
		9A9C1B91268AA706001CF265 /* PanelCloseButton.swift in Sources */ = {isa = PBXBuildFile; fileRef = 9A9C1B90268AA706001CF265 /* PanelCloseButton.swift */; };
		9A9C1B93268B8378001CF265 /* SettingsWindowController.swift in Sources */ = {isa = PBXBuildFile; fileRef = 9A9C1B92268B8378001CF265 /* SettingsWindowController.swift */; };
		9A9C1B97268B9D22001CF265 /* ComponentsPanelTags.swift in Sources */ = {isa = PBXBuildFile; fileRef = 9A9C1B96268B9D22001CF265 /* ComponentsPanelTags.swift */; };
		9A9C1B99268B9E2D001CF265 /* SelectionTags.swift in Sources */ = {isa = PBXBuildFile; fileRef = 9A9C1B98268B9E2D001CF265 /* SelectionTags.swift */; };
		9A9C1B9F268BB88E001CF265 /* WrappingHStack in Frameworks */ = {isa = PBXBuildFile; productRef = 9A9C1B9E268BB88E001CF265 /* WrappingHStack */; };
		9A9C1BA1268D2734001CF265 /* ComponentsPanelAttributes.swift in Sources */ = {isa = PBXBuildFile; fileRef = 9A9C1BA0268D2734001CF265 /* ComponentsPanelAttributes.swift */; };
		9A9C1D4E266700BF0085ECEA /* SelectionProtocol.swift in Sources */ = {isa = PBXBuildFile; fileRef = 9A9C1D4D266700BF0085ECEA /* SelectionProtocol.swift */; };
		9A9C1D502667242F0085ECEA /* SingleSelection.swift in Sources */ = {isa = PBXBuildFile; fileRef = 9A9C1D4F2667242F0085ECEA /* SingleSelection.swift */; };
		9ABE17762632295400EE9F48 /* PanelSingleItem.swift in Sources */ = {isa = PBXBuildFile; fileRef = 9ABE17752632295400EE9F48 /* PanelSingleItem.swift */; };
		9ABE177E263229FE00EE9F48 /* PanelNoItem.swift in Sources */ = {isa = PBXBuildFile; fileRef = 9ABE177D263229FE00EE9F48 /* PanelNoItem.swift */; };
		9ABE178326322A0900EE9F48 /* PanelMultiItem.swift in Sources */ = {isa = PBXBuildFile; fileRef = 9ABE178226322A0900EE9F48 /* PanelMultiItem.swift */; };
		9ABE178C2632328100EE9F48 /* ComponentsPanel.swift in Sources */ = {isa = PBXBuildFile; fileRef = 9ABE178B2632328100EE9F48 /* ComponentsPanel.swift */; };
		9ABE179A26323B7200EE9F48 /* Style.swift in Sources */ = {isa = PBXBuildFile; fileRef = 9ABE179926323B7200EE9F48 /* Style.swift */; };
		9ABE17A526346C7D00EE9F48 /* MultiSelection.swift in Sources */ = {isa = PBXBuildFile; fileRef = 9ABE17A426346C7D00EE9F48 /* MultiSelection.swift */; };
		9ABE17AD26346D2600EE9F48 /* InterfaceData.swift in Sources */ = {isa = PBXBuildFile; fileRef = 9ABE17AC26346D2600EE9F48 /* InterfaceData.swift */; };
		9ABE17D326372F5C00EE9F48 /* InterfaceHelper.swift in Sources */ = {isa = PBXBuildFile; fileRef = 9ABE17D226372F5C00EE9F48 /* InterfaceHelper.swift */; };
		9ABEAA192663FA070044E18B /* URLDiskAllocationHelper.swift in Sources */ = {isa = PBXBuildFile; fileRef = 9ABEAA182663FA070044E18B /* URLDiskAllocationHelper.swift */; };
		9AC1AFB8265C1FCA006D1FC8 /* Main.storyboard in Resources */ = {isa = PBXBuildFile; fileRef = 9AC1AFB7265C1FCA006D1FC8 /* Main.storyboard */; };
		9AC1AFBA265C2020006D1FC8 /* ContentManager.swift in Sources */ = {isa = PBXBuildFile; fileRef = 9AC1AFB9265C2020006D1FC8 /* ContentManager.swift */; };
		9AC1AFBC265C3F8C006D1FC8 /* InterfaceMenuController.swift in Sources */ = {isa = PBXBuildFile; fileRef = 9AC1AFBB265C3F8C006D1FC8 /* InterfaceMenuController.swift */; };
		9AE66E3D26BCAF6500722085 /* pause.png in Resources */ = {isa = PBXBuildFile; fileRef = 9AE66E3926BCAF6500722085 /* pause.png */; };
		9AE66E3E26BCAF6500722085 /* show.png in Resources */ = {isa = PBXBuildFile; fileRef = 9AE66E3A26BCAF6500722085 /* show.png */; };
		9AE66E3F26BCAF6500722085 /* play.png in Resources */ = {isa = PBXBuildFile; fileRef = 9AE66E3B26BCAF6500722085 /* play.png */; };
		9AE66E4026BCAF6500722085 /* hide.png in Resources */ = {isa = PBXBuildFile; fileRef = 9AE66E3C26BCAF6500722085 /* hide.png */; };
		9AEA9F2C2697D1A200806AAE /* MenubarUtilityHelper.swift in Sources */ = {isa = PBXBuildFile; fileRef = 9AEA9F2B2697D1A200806AAE /* MenubarUtilityHelper.swift */; };
		9AEA9F2E2697E4FF00806AAE /* CheckedSelection.swift in Sources */ = {isa = PBXBuildFile; fileRef = 9AEA9F2D2697E4FF00806AAE /* CheckedSelection.swift */; };
		9AF88129266AB77D00C6BA93 /* SelectionHelper.swift in Sources */ = {isa = PBXBuildFile; fileRef = 9AF88128266AB77D00C6BA93 /* SelectionHelper.swift */; };
		9AF9BF522698C4CD006FAA39 /* LaunchAtLogin in Frameworks */ = {isa = PBXBuildFile; productRef = 9AF9BF512698C4CD006FAA39 /* LaunchAtLogin */; };
		9AFC584E26C317530038A51B /* (Informant_-_File_Inspector_for_macOS)_Acknowledgements.pdf in Resources */ = {isa = PBXBuildFile; fileRef = 9AFC584D26C317530038A51B /* (Informant_-_File_Inspector_for_macOS)_Acknowledgements.pdf */; };
		9AFF98D1266F111800E31D2A /* InterfaceState.swift in Sources */ = {isa = PBXBuildFile; fileRef = 9AFF98D0266F111800E31D2A /* InterfaceState.swift */; };
		9AFF98D9267061C900E31D2A /* TrackingAreaHelper.swift in Sources */ = {isa = PBXBuildFile; fileRef = 9AFF98D8267061C900E31D2A /* TrackingAreaHelper.swift */; };
/* End PBXBuildFile section */

/* Begin PBXCopyFilesBuildPhase section */
		9A7F3B402626A01100BD878F /* Embed App Extensions */ = {
			isa = PBXCopyFilesBuildPhase;
			buildActionMask = 2147483647;
			dstPath = "";
			dstSubfolderSpec = 13;
			files = (
			);
			name = "Embed App Extensions";
			runOnlyForDeploymentPostprocessing = 0;
		};
/* End PBXCopyFilesBuildPhase section */

/* Begin PBXFileReference section */
		9A00210526A5E762006DEA70 /* SF-Compact-Display-Regular.otf */ = {isa = PBXFileReference; lastKnownFileType = file; path = "SF-Compact-Display-Regular.otf"; sourceTree = "<group>"; };
		9A00210626A5E762006DEA70 /* SF-Mono-Regular.otf */ = {isa = PBXFileReference; lastKnownFileType = file; path = "SF-Mono-Regular.otf"; sourceTree = "<group>"; };
		9A2C625D26C0CA9F00726FFB /* Debug.swift */ = {isa = PBXFileReference; lastKnownFileType = sourcecode.swift; path = Debug.swift; sourceTree = "<group>"; };
		9A2C625F26C0CCEA00726FFB /* LinkHelper.swift */ = {isa = PBXFileReference; lastKnownFileType = sourcecode.swift; path = LinkHelper.swift; sourceTree = "<group>"; };
		9A2DDF6B2681441100DB84BA /* SingleImageSelection.swift */ = {isa = PBXFileReference; lastKnownFileType = sourcecode.swift; path = SingleImageSelection.swift; sourceTree = "<group>"; };
		9A2DDF6D2681532F00DB84BA /* SingleMovieSelection.swift */ = {isa = PBXFileReference; lastKnownFileType = sourcecode.swift; path = SingleMovieSelection.swift; sourceTree = "<group>"; };
		9A2DDF6F2681534F00DB84BA /* SingleDirectorySelection.swift */ = {isa = PBXFileReference; lastKnownFileType = sourcecode.swift; path = SingleDirectorySelection.swift; sourceTree = "<group>"; };
		9A2DDF712681537D00DB84BA /* SingleApplicationSelection.swift */ = {isa = PBXFileReference; lastKnownFileType = sourcecode.swift; path = SingleApplicationSelection.swift; sourceTree = "<group>"; };
		9A2DDF73268153A100DB84BA /* SingleAudioSelection.swift */ = {isa = PBXFileReference; lastKnownFileType = sourcecode.swift; path = SingleAudioSelection.swift; sourceTree = "<group>"; };
		9A2DDF7526825D6700DB84BA /* SecurityBookmarkHelper.swift */ = {isa = PBXFileReference; lastKnownFileType = sourcecode.swift; path = SecurityBookmarkHelper.swift; sourceTree = "<group>"; };
		9A2DDF78268264B000DB84BA /* SettingsUserDefaults.swift */ = {isa = PBXFileReference; lastKnownFileType = sourcecode.swift; path = SettingsUserDefaults.swift; sourceTree = "<group>"; };
		9A2DDF7A2682A3CF00DB84BA /* PanelSingleFrame.swift */ = {isa = PBXFileReference; lastKnownFileType = sourcecode.swift; path = PanelSingleFrame.swift; sourceTree = "<group>"; };
		9A2DDF7E2682A7F800DB84BA /* PanelSingleImageItem.swift */ = {isa = PBXFileReference; lastKnownFileType = sourcecode.swift; path = PanelSingleImageItem.swift; sourceTree = "<group>"; };
		9A2DDF802682A81200DB84BA /* PanelSingleMovieItem.swift */ = {isa = PBXFileReference; lastKnownFileType = sourcecode.swift; path = PanelSingleMovieItem.swift; sourceTree = "<group>"; };
		9A2DDF822682A81E00DB84BA /* PanelSingleAudioItem.swift */ = {isa = PBXFileReference; lastKnownFileType = sourcecode.swift; path = PanelSingleAudioItem.swift; sourceTree = "<group>"; };
		9A2DDF842682A82900DB84BA /* PanelSingleDirectoryItem.swift */ = {isa = PBXFileReference; lastKnownFileType = sourcecode.swift; path = PanelSingleDirectoryItem.swift; sourceTree = "<group>"; };
		9A2DDF862682A83300DB84BA /* PanelSingleApplicationItem.swift */ = {isa = PBXFileReference; lastKnownFileType = sourcecode.swift; path = PanelSingleApplicationItem.swift; sourceTree = "<group>"; };
		9A2DDF8826865C5300DB84BA /* CacheHelper.swift */ = {isa = PBXFileReference; lastKnownFileType = sourcecode.swift; path = CacheHelper.swift; sourceTree = "<group>"; };
		9A2DDF8E2686971200DB84BA /* SingleVolumeSelection.swift */ = {isa = PBXFileReference; lastKnownFileType = sourcecode.swift; path = SingleVolumeSelection.swift; sourceTree = "<group>"; };
		9A2DDF902686989000DB84BA /* PanelSingleVolumeItem.swift */ = {isa = PBXFileReference; lastKnownFileType = sourcecode.swift; path = PanelSingleVolumeItem.swift; sourceTree = "<group>"; };
		9A2DDF92268A506A00DB84BA /* PanelSelectionErrorItem.swift */ = {isa = PBXFileReference; lastKnownFileType = sourcecode.swift; path = PanelSelectionErrorItem.swift; sourceTree = "<group>"; };
		9A2DDF94268A585A00DB84BA /* SingleErrorSelection.swift */ = {isa = PBXFileReference; lastKnownFileType = sourcecode.swift; path = SingleErrorSelection.swift; sourceTree = "<group>"; };
		9A389166265B0CB2005F0F04 /* en */ = {isa = PBXFileReference; lastKnownFileType = text.plist.strings; name = en; path = en.lproj/Localizable.strings; sourceTree = "<group>"; };
		9A389169265B1115005F0F04 /* zh-Hans */ = {isa = PBXFileReference; lastKnownFileType = text.plist.strings; name = "zh-Hans"; path = "zh-Hans.lproj/Localizable.strings"; sourceTree = "<group>"; };
		9A38916A265B11A9005F0F04 /* fr */ = {isa = PBXFileReference; lastKnownFileType = text.plist.strings; name = fr; path = fr.lproj/Localizable.strings; sourceTree = "<group>"; };
		9A38916B265B11B0005F0F04 /* hi */ = {isa = PBXFileReference; lastKnownFileType = text.plist.strings; name = hi; path = hi.lproj/Localizable.strings; sourceTree = "<group>"; };
		9A38916C265B11B5005F0F04 /* es */ = {isa = PBXFileReference; lastKnownFileType = text.plist.strings; name = es; path = es.lproj/Localizable.strings; sourceTree = "<group>"; };
		9A38916D265B11CB005F0F04 /* ja */ = {isa = PBXFileReference; lastKnownFileType = text.plist.strings; name = ja; path = ja.lproj/Localizable.strings; sourceTree = "<group>"; };
		9A38916F265B11D7005F0F04 /* it */ = {isa = PBXFileReference; lastKnownFileType = text.plist.strings; name = it; path = it.lproj/Localizable.strings; sourceTree = "<group>"; };
		9A389170265B11DC005F0F04 /* de */ = {isa = PBXFileReference; lastKnownFileType = text.plist.strings; name = de; path = de.lproj/Localizable.strings; sourceTree = "<group>"; };
		9A389174265B12C4005F0F04 /* sv */ = {isa = PBXFileReference; lastKnownFileType = text.plist.strings; name = sv; path = sv.lproj/Localizable.strings; sourceTree = "<group>"; };
		9A389175265B134D005F0F04 /* pt-BR */ = {isa = PBXFileReference; lastKnownFileType = text.plist.strings; name = "pt-BR"; path = "pt-BR.lproj/Localizable.strings"; sourceTree = "<group>"; };
		9A389176265B135F005F0F04 /* zh-Hant */ = {isa = PBXFileReference; lastKnownFileType = text.plist.strings; name = "zh-Hant"; path = "zh-Hant.lproj/Localizable.strings"; sourceTree = "<group>"; };
		9A389177265B136C005F0F04 /* ko */ = {isa = PBXFileReference; lastKnownFileType = text.plist.strings; name = ko; path = ko.lproj/Localizable.strings; sourceTree = "<group>"; };
		9A43162026265A1F0071227C /* Informant.app */ = {isa = PBXFileReference; explicitFileType = wrapper.application; includeInIndex = 0; path = Informant.app; sourceTree = BUILT_PRODUCTS_DIR; };
		9A43162326265A1F0071227C /* AppDelegate.swift */ = {isa = PBXFileReference; lastKnownFileType = sourcecode.swift; path = AppDelegate.swift; sourceTree = "<group>"; };
		9A43162526265A1F0071227C /* ContentView.swift */ = {isa = PBXFileReference; lastKnownFileType = sourcecode.swift; path = ContentView.swift; sourceTree = "<group>"; };
		9A43162726265A210071227C /* Assets.xcassets */ = {isa = PBXFileReference; lastKnownFileType = folder.assetcatalog; path = Assets.xcassets; sourceTree = "<group>"; };
		9A43162A26265A210071227C /* Preview Assets.xcassets */ = {isa = PBXFileReference; lastKnownFileType = folder.assetcatalog; path = "Preview Assets.xcassets"; sourceTree = "<group>"; };
		9A43162F26265A210071227C /* Info.plist */ = {isa = PBXFileReference; lastKnownFileType = text.plist.xml; path = Info.plist; sourceTree = "<group>"; };
		9A43163026265A210071227C /* Informant.entitlements */ = {isa = PBXFileReference; lastKnownFileType = text.plist.entitlements; path = Informant.entitlements; sourceTree = "<group>"; };
		9A43165526265D1C0071227C /* StatusBarController.swift */ = {isa = PBXFileReference; lastKnownFileType = sourcecode.swift; path = StatusBarController.swift; sourceTree = "<group>"; };
		9A481FA82677E945006B91C2 /* InactiveWindowTapHelper.swift */ = {isa = PBXFileReference; lastKnownFileType = sourcecode.swift; path = InactiveWindowTapHelper.swift; sourceTree = "<group>"; };
		9A481FAA26780F86006B91C2 /* InterfaceAlertController.swift */ = {isa = PBXFileReference; lastKnownFileType = sourcecode.swift; path = InterfaceAlertController.swift; sourceTree = "<group>"; };
		9A481FAD26782335006B91C2 /* PanelAlert.swift */ = {isa = PBXFileReference; lastKnownFileType = sourcecode.swift; path = PanelAlert.swift; sourceTree = "<group>"; };
		9A481FAF267914DA006B91C2 /* ComponentsExtra.swift */ = {isa = PBXFileReference; lastKnownFileType = sourcecode.swift; path = ComponentsExtra.swift; sourceTree = "<group>"; };
		9A481FB1267921BE006B91C2 /* PasteboardHelper.swift */ = {isa = PBXFileReference; lastKnownFileType = sourcecode.swift; path = PasteboardHelper.swift; sourceTree = "<group>"; };
		9A51EC8A26A1E09500565670 /* PanelAuthErrorItem.swift */ = {isa = PBXFileReference; lastKnownFileType = sourcecode.swift; path = PanelAuthErrorItem.swift; sourceTree = "<group>"; };
		9A64FC9C26266D0800CE52E4 /* GlobalEventMonitor.swift */ = {isa = PBXFileReference; lastKnownFileType = sourcecode.swift; path = GlobalEventMonitor.swift; sourceTree = "<group>"; };
		9A7F3B2126268F5F00BD878F /* ExtensionsShortcuts.swift */ = {isa = PBXFileReference; lastKnownFileType = sourcecode.swift; path = ExtensionsShortcuts.swift; sourceTree = "<group>"; };
		9A7F3B28262693BE00BD878F /* SettingsView.swift */ = {isa = PBXFileReference; lastKnownFileType = sourcecode.swift; path = SettingsView.swift; sourceTree = "<group>"; };
		9A7F3B4B2626A37E00BD878F /* AppleScriptsHelper.swift */ = {isa = PBXFileReference; lastKnownFileType = sourcecode.swift; path = AppleScriptsHelper.swift; sourceTree = "<group>"; };
		9A7F3B502626BA2700BD878F /* ExtensionsGlobal.swift */ = {isa = PBXFileReference; lastKnownFileType = sourcecode.swift; path = ExtensionsGlobal.swift; sourceTree = "<group>"; };
		9A9061A0266AC1780043A334 /* PanelProtocol.swift */ = {isa = PBXFileReference; lastKnownFileType = sourcecode.swift; path = PanelProtocol.swift; sourceTree = "<group>"; };
		9A97E0C0269E68C600FF757B /* IFWindowController.swift */ = {isa = PBXFileReference; lastKnownFileType = sourcecode.swift; path = IFWindowController.swift; sourceTree = "<group>"; };
		9A97E0C2269E6BA400FF757B /* AuthAccessibilityView.swift */ = {isa = PBXFileReference; lastKnownFileType = sourcecode.swift; path = AuthAccessibilityView.swift; sourceTree = "<group>"; };
		9A97E0C426A2573700FF757B /* WelcomeView.swift */ = {isa = PBXFileReference; lastKnownFileType = sourcecode.swift; path = WelcomeView.swift; sourceTree = "<group>"; };
		9A97E0C626A32CDA00FF757B /* ComponentsWindow.swift */ = {isa = PBXFileReference; lastKnownFileType = sourcecode.swift; path = ComponentsWindow.swift; sourceTree = "<group>"; };
		9A97E0CB26A7740F00FF757B /* InterfacePanelController.swift */ = {isa = PBXFileReference; lastKnownFileType = sourcecode.swift; path = InterfacePanelController.swift; sourceTree = "<group>"; };
		9A9C1B8E268AA575001CF265 /* InterfaceCloseController.swift */ = {isa = PBXFileReference; lastKnownFileType = sourcecode.swift; path = InterfaceCloseController.swift; sourceTree = "<group>"; };
		9A9C1B90268AA706001CF265 /* PanelCloseButton.swift */ = {isa = PBXFileReference; lastKnownFileType = sourcecode.swift; path = PanelCloseButton.swift; sourceTree = "<group>"; };
		9A9C1B92268B8378001CF265 /* SettingsWindowController.swift */ = {isa = PBXFileReference; lastKnownFileType = sourcecode.swift; path = SettingsWindowController.swift; sourceTree = "<group>"; };
		9A9C1B96268B9D22001CF265 /* ComponentsPanelTags.swift */ = {isa = PBXFileReference; lastKnownFileType = sourcecode.swift; path = ComponentsPanelTags.swift; sourceTree = "<group>"; };
		9A9C1B98268B9E2D001CF265 /* SelectionTags.swift */ = {isa = PBXFileReference; lastKnownFileType = sourcecode.swift; path = SelectionTags.swift; sourceTree = "<group>"; };
		9A9C1BA0268D2734001CF265 /* ComponentsPanelAttributes.swift */ = {isa = PBXFileReference; lastKnownFileType = sourcecode.swift; path = ComponentsPanelAttributes.swift; sourceTree = "<group>"; };
		9A9C1D4D266700BF0085ECEA /* SelectionProtocol.swift */ = {isa = PBXFileReference; lastKnownFileType = sourcecode.swift; path = SelectionProtocol.swift; sourceTree = "<group>"; };
		9A9C1D4F2667242F0085ECEA /* SingleSelection.swift */ = {isa = PBXFileReference; lastKnownFileType = sourcecode.swift; path = SingleSelection.swift; sourceTree = "<group>"; };
		9A9C1D522668368B0085ECEA /* CloudKit.framework */ = {isa = PBXFileReference; lastKnownFileType = wrapper.framework; name = CloudKit.framework; path = System/Library/Frameworks/CloudKit.framework; sourceTree = SDKROOT; };
		9ABE17752632295400EE9F48 /* PanelSingleItem.swift */ = {isa = PBXFileReference; lastKnownFileType = sourcecode.swift; path = PanelSingleItem.swift; sourceTree = "<group>"; };
		9ABE177D263229FE00EE9F48 /* PanelNoItem.swift */ = {isa = PBXFileReference; lastKnownFileType = sourcecode.swift; path = PanelNoItem.swift; sourceTree = "<group>"; };
		9ABE178226322A0900EE9F48 /* PanelMultiItem.swift */ = {isa = PBXFileReference; lastKnownFileType = sourcecode.swift; path = PanelMultiItem.swift; sourceTree = "<group>"; };
		9ABE178B2632328100EE9F48 /* ComponentsPanel.swift */ = {isa = PBXFileReference; lastKnownFileType = sourcecode.swift; path = ComponentsPanel.swift; sourceTree = "<group>"; };
		9ABE179926323B7200EE9F48 /* Style.swift */ = {isa = PBXFileReference; lastKnownFileType = sourcecode.swift; path = Style.swift; sourceTree = "<group>"; };
		9ABE17A426346C7D00EE9F48 /* MultiSelection.swift */ = {isa = PBXFileReference; lastKnownFileType = sourcecode.swift; path = MultiSelection.swift; sourceTree = "<group>"; };
		9ABE17AC26346D2600EE9F48 /* InterfaceData.swift */ = {isa = PBXFileReference; lastKnownFileType = sourcecode.swift; path = InterfaceData.swift; sourceTree = "<group>"; };
		9ABE17D226372F5C00EE9F48 /* InterfaceHelper.swift */ = {isa = PBXFileReference; lastKnownFileType = sourcecode.swift; path = InterfaceHelper.swift; sourceTree = "<group>"; };
		9ABEAA182663FA070044E18B /* URLDiskAllocationHelper.swift */ = {isa = PBXFileReference; lastKnownFileType = sourcecode.swift; path = URLDiskAllocationHelper.swift; sourceTree = "<group>"; };
		9AC1AFB7265C1FCA006D1FC8 /* Main.storyboard */ = {isa = PBXFileReference; fileEncoding = 4; lastKnownFileType = file.storyboard; path = Main.storyboard; sourceTree = "<group>"; };
		9AC1AFB9265C2020006D1FC8 /* ContentManager.swift */ = {isa = PBXFileReference; fileEncoding = 4; lastKnownFileType = sourcecode.swift; path = ContentManager.swift; sourceTree = "<group>"; };
		9AC1AFBB265C3F8C006D1FC8 /* InterfaceMenuController.swift */ = {isa = PBXFileReference; lastKnownFileType = sourcecode.swift; path = InterfaceMenuController.swift; sourceTree = "<group>"; };
		9AE66E3926BCAF6500722085 /* pause.png */ = {isa = PBXFileReference; lastKnownFileType = image.png; path = pause.png; sourceTree = "<group>"; };
		9AE66E3A26BCAF6500722085 /* show.png */ = {isa = PBXFileReference; lastKnownFileType = image.png; path = show.png; sourceTree = "<group>"; };
		9AE66E3B26BCAF6500722085 /* play.png */ = {isa = PBXFileReference; lastKnownFileType = image.png; path = play.png; sourceTree = "<group>"; };
		9AE66E3C26BCAF6500722085 /* hide.png */ = {isa = PBXFileReference; lastKnownFileType = image.png; path = hide.png; sourceTree = "<group>"; };
		9AEA9F2B2697D1A200806AAE /* MenubarUtilityHelper.swift */ = {isa = PBXFileReference; lastKnownFileType = sourcecode.swift; path = MenubarUtilityHelper.swift; sourceTree = "<group>"; };
		9AEA9F2D2697E4FF00806AAE /* CheckedSelection.swift */ = {isa = PBXFileReference; lastKnownFileType = sourcecode.swift; path = CheckedSelection.swift; sourceTree = "<group>"; };
		9AF88128266AB77D00C6BA93 /* SelectionHelper.swift */ = {isa = PBXFileReference; lastKnownFileType = sourcecode.swift; path = SelectionHelper.swift; sourceTree = "<group>"; };
		9AFC584D26C317530038A51B /* (Informant_-_File_Inspector_for_macOS)_Acknowledgements.pdf */ = {isa = PBXFileReference; lastKnownFileType = image.pdf; path = "(Informant_-_File_Inspector_for_macOS)_Acknowledgements.pdf"; sourceTree = "<group>"; };
		9AFC585026C33F110038A51B /* ru */ = {isa = PBXFileReference; lastKnownFileType = text.plist.strings; name = ru; path = ru.lproj/Localizable.strings; sourceTree = "<group>"; };
		9AFF98D0266F111800E31D2A /* InterfaceState.swift */ = {isa = PBXFileReference; lastKnownFileType = sourcecode.swift; path = InterfaceState.swift; sourceTree = "<group>"; };
		9AFF98D326705BC100E31D2A /* CoreFoundation.framework */ = {isa = PBXFileReference; lastKnownFileType = wrapper.framework; name = CoreFoundation.framework; path = System/Library/Frameworks/CoreFoundation.framework; sourceTree = SDKROOT; };
		9AFF98D526705CB400E31D2A /* Foundation.framework */ = {isa = PBXFileReference; lastKnownFileType = wrapper.framework; name = Foundation.framework; path = System/Library/Frameworks/Foundation.framework; sourceTree = SDKROOT; };
		9AFF98D8267061C900E31D2A /* TrackingAreaHelper.swift */ = {isa = PBXFileReference; lastKnownFileType = sourcecode.swift; path = TrackingAreaHelper.swift; sourceTree = "<group>"; };
/* End PBXFileReference section */

/* Begin PBXFrameworksBuildPhase section */
		9A43161D26265A1F0071227C /* Frameworks */ = {
			isa = PBXFrameworksBuildPhase;
			buildActionMask = 2147483647;
			files = (
				9A64FCAA2626814B00CE52E4 /* KeyboardShortcuts in Frameworks */,
				9A9C1B9F268BB88E001CF265 /* WrappingHStack in Frameworks */,
				9AF9BF522698C4CD006FAA39 /* LaunchAtLogin in Frameworks */,
			);
			runOnlyForDeploymentPostprocessing = 0;
		};
/* End PBXFrameworksBuildPhase section */

/* Begin PBXGroup section */
		9A00210426A5E724006DEA70 /* Fonts */ = {
			isa = PBXGroup;
			children = (
				9A00210526A5E762006DEA70 /* SF-Compact-Display-Regular.otf */,
				9A00210626A5E762006DEA70 /* SF-Mono-Regular.otf */,
			);
			path = Fonts;
			sourceTree = "<group>";
		};
		9A1DC9E5262BA45B00D73B48 /* Objects */ = {
			isa = PBXGroup;
			children = (
				9A2DDF6A268143EF00DB84BA /* SelectionTypes */,
				9A9C1B98268B9E2D001CF265 /* SelectionTags.swift */,
				9AF88128266AB77D00C6BA93 /* SelectionHelper.swift */,
				9A9C1D4D266700BF0085ECEA /* SelectionProtocol.swift */,
				9ABE17AC26346D2600EE9F48 /* InterfaceData.swift */,
			);
			path = Objects;
			sourceTree = "<group>";
		};
		9A2DDF6A268143EF00DB84BA /* SelectionTypes */ = {
			isa = PBXGroup;
			children = (
				9ABE17A426346C7D00EE9F48 /* MultiSelection.swift */,
				9A9C1D4F2667242F0085ECEA /* SingleSelection.swift */,
				9A2DDF94268A585A00DB84BA /* SingleErrorSelection.swift */,
				9A2DDF6B2681441100DB84BA /* SingleImageSelection.swift */,
				9A2DDF6D2681532F00DB84BA /* SingleMovieSelection.swift */,
				9A2DDF73268153A100DB84BA /* SingleAudioSelection.swift */,
				9A2DDF6F2681534F00DB84BA /* SingleDirectorySelection.swift */,
				9A2DDF712681537D00DB84BA /* SingleApplicationSelection.swift */,
				9A2DDF8E2686971200DB84BA /* SingleVolumeSelection.swift */,
			);
			path = SelectionTypes;
			sourceTree = "<group>";
		};
		9A2DDF77268263F000DB84BA /* Settings */ = {
			isa = PBXGroup;
			children = (
				9A2DDF78268264B000DB84BA /* SettingsUserDefaults.swift */,
				9A9C1B92268B8378001CF265 /* SettingsWindowController.swift */,
			);
			path = Settings;
			sourceTree = "<group>";
		};
		9A2DDF7C2682A72200DB84BA /* Single Selection Views */ = {
			isa = PBXGroup;
			children = (
				9ABE17752632295400EE9F48 /* PanelSingleItem.swift */,
				9A2DDF7E2682A7F800DB84BA /* PanelSingleImageItem.swift */,
				9A2DDF802682A81200DB84BA /* PanelSingleMovieItem.swift */,
				9A2DDF822682A81E00DB84BA /* PanelSingleAudioItem.swift */,
				9A2DDF842682A82900DB84BA /* PanelSingleDirectoryItem.swift */,
				9A2DDF862682A83300DB84BA /* PanelSingleApplicationItem.swift */,
				9A2DDF902686989000DB84BA /* PanelSingleVolumeItem.swift */,
			);
			path = "Single Selection Views";
			sourceTree = "<group>";
		};
		9A2DDF7D2682A74000DB84BA /* Multi Selection Views */ = {
			isa = PBXGroup;
			children = (
				9ABE178226322A0900EE9F48 /* PanelMultiItem.swift */,
			);
			path = "Multi Selection Views";
			sourceTree = "<group>";
		};
		9A2DDF8A26865C5900DB84BA /* Extensions */ = {
			isa = PBXGroup;
			children = (
				9A7F3B502626BA2700BD878F /* ExtensionsGlobal.swift */,
				9A7F3B2126268F5F00BD878F /* ExtensionsShortcuts.swift */,
			);
			path = Extensions;
			sourceTree = "<group>";
		};
		9A2DDF8B26865D7800DB84BA /* Interface Helpers */ = {
			isa = PBXGroup;
			children = (
				9AFF98D0266F111800E31D2A /* InterfaceState.swift */,
				9A481FA82677E945006B91C2 /* InactiveWindowTapHelper.swift */,
				9AFF98D8267061C900E31D2A /* TrackingAreaHelper.swift */,
				9AEA9F2D2697E4FF00806AAE /* CheckedSelection.swift */,
			);
			path = "Interface Helpers";
			sourceTree = "<group>";
		};
		9A2DDF8C26865D9000DB84BA /* Utility Helpers */ = {
			isa = PBXGroup;
			children = (
				9A481FB1267921BE006B91C2 /* PasteboardHelper.swift */,
				9A7F3B4B2626A37E00BD878F /* AppleScriptsHelper.swift */,
				9A2DDF7526825D6700DB84BA /* SecurityBookmarkHelper.swift */,
				9AEA9F2B2697D1A200806AAE /* MenubarUtilityHelper.swift */,
				9A2C625F26C0CCEA00726FFB /* LinkHelper.swift */,
			);
			path = "Utility Helpers";
			sourceTree = "<group>";
		};
		9A2DDF8D26865DD500DB84BA /* Async Helpers */ = {
			isa = PBXGroup;
			children = (
				9ABEAA182663FA070044E18B /* URLDiskAllocationHelper.swift */,
				9A2DDF8826865C5300DB84BA /* CacheHelper.swift */,
			);
			path = "Async Helpers";
			sourceTree = "<group>";
		};
		9A43161726265A1F0071227C = {
			isa = PBXGroup;
			children = (
				9A43162226265A1F0071227C /* Informant */,
				9A43162126265A1F0071227C /* Products */,
				9A9C1D512668368B0085ECEA /* Frameworks */,
			);
			sourceTree = "<group>";
		};
		9A43162126265A1F0071227C /* Products */ = {
			isa = PBXGroup;
			children = (
				9A43162026265A1F0071227C /* Informant.app */,
			);
			name = Products;
			sourceTree = "<group>";
		};
		9A43162226265A1F0071227C /* Informant */ = {
			isa = PBXGroup;
			children = (
				9A43162326265A1F0071227C /* AppDelegate.swift */,
				9A43162526265A1F0071227C /* ContentView.swift */,
				9AC1AFB9265C2020006D1FC8 /* ContentManager.swift */,
				9A7F3B27262693AB00BD878F /* Views */,
				9A481FAC26780FC6006B91C2 /* Controllers */,
				9A1DC9E5262BA45B00D73B48 /* Objects */,
				9A64FCA42626724700CE52E4 /* Helpers */,
				9A2DDF77268263F000DB84BA /* Settings */,
				9A2DDF8A26865C5900DB84BA /* Extensions */,
				9A00210426A5E724006DEA70 /* Fonts */,
				9A43165F26265DFB0071227C /* Assets */,
				9A43162726265A210071227C /* Assets.xcassets */,
				9AC1AFB7265C1FCA006D1FC8 /* Main.storyboard */,
				9A2C625D26C0CA9F00726FFB /* Debug.swift */,
				9A43162F26265A210071227C /* Info.plist */,
				9A43163026265A210071227C /* Informant.entitlements */,
				9A389167265B0CB2005F0F04 /* Localizable.strings */,
				9A43162926265A210071227C /* Preview Content */,
			);
			path = Informant;
			sourceTree = "<group>";
		};
		9A43162926265A210071227C /* Preview Content */ = {
			isa = PBXGroup;
			children = (
				9A43162A26265A210071227C /* Preview Assets.xcassets */,
			);
			path = "Preview Content";
			sourceTree = "<group>";
		};
		9A43165F26265DFB0071227C /* Assets */ = {
			isa = PBXGroup;
			children = (
				9AFC584D26C317530038A51B /* (Informant_-_File_Inspector_for_macOS)_Acknowledgements.pdf */,
				9AE66E3C26BCAF6500722085 /* hide.png */,
				9AE66E3926BCAF6500722085 /* pause.png */,
				9AE66E3B26BCAF6500722085 /* play.png */,
				9AE66E3A26BCAF6500722085 /* show.png */,
			);
			path = Assets;
			sourceTree = "<group>";
		};
		9A481FAC26780FC6006B91C2 /* Controllers */ = {
			isa = PBXGroup;
			children = (
				9A97E0C0269E68C600FF757B /* IFWindowController.swift */,
				9ABE17D226372F5C00EE9F48 /* InterfaceHelper.swift */,
				9AC1AFBB265C3F8C006D1FC8 /* InterfaceMenuController.swift */,
				9A481FAA26780F86006B91C2 /* InterfaceAlertController.swift */,
				9A9C1B8E268AA575001CF265 /* InterfaceCloseController.swift */,
				9A43165526265D1C0071227C /* StatusBarController.swift */,
				9A97E0CB26A7740F00FF757B /* InterfacePanelController.swift */,
			);
			path = Controllers;
			sourceTree = "<group>";
		};
		9A64FCA42626724700CE52E4 /* Helpers */ = {
			isa = PBXGroup;
			children = (
				9A64FC9C26266D0800CE52E4 /* GlobalEventMonitor.swift */,
				9A2DDF8D26865DD500DB84BA /* Async Helpers */,
				9A2DDF8C26865D9000DB84BA /* Utility Helpers */,
				9A2DDF8B26865D7800DB84BA /* Interface Helpers */,
			);
			path = Helpers;
			sourceTree = "<group>";
		};
		9A7F3B27262693AB00BD878F /* Views */ = {
			isa = PBXGroup;
			children = (
				9ABE179926323B7200EE9F48 /* Style.swift */,
				9ABE178A2632325A00EE9F48 /* Components */,
				9A9C1B94268B868C001CF265 /* Panel */,
				9A9C1B95268B86F0001CF265 /* Windows */,
			);
			path = Views;
			sourceTree = "<group>";
		};
		9A9C1B94268B868C001CF265 /* Panel */ = {
			isa = PBXGroup;
			children = (
				9A9061A0266AC1780043A334 /* PanelProtocol.swift */,
				9A2DDF7A2682A3CF00DB84BA /* PanelSingleFrame.swift */,
				9A2DDF7C2682A72200DB84BA /* Single Selection Views */,
				9A2DDF7D2682A74000DB84BA /* Multi Selection Views */,
				9ABE177D263229FE00EE9F48 /* PanelNoItem.swift */,
				9A2DDF92268A506A00DB84BA /* PanelSelectionErrorItem.swift */,
				9A51EC8A26A1E09500565670 /* PanelAuthErrorItem.swift */,
				9A481FAD26782335006B91C2 /* PanelAlert.swift */,
				9A9C1B90268AA706001CF265 /* PanelCloseButton.swift */,
			);
			path = Panel;
			sourceTree = "<group>";
		};
		9A9C1B95268B86F0001CF265 /* Windows */ = {
			isa = PBXGroup;
			children = (
				9A7F3B28262693BE00BD878F /* SettingsView.swift */,
				9A97E0C2269E6BA400FF757B /* AuthAccessibilityView.swift */,
				9A97E0C426A2573700FF757B /* WelcomeView.swift */,
			);
			path = Windows;
			sourceTree = "<group>";
		};
		9A9C1D512668368B0085ECEA /* Frameworks */ = {
			isa = PBXGroup;
			children = (
				9AFF98D526705CB400E31D2A /* Foundation.framework */,
				9AFF98D326705BC100E31D2A /* CoreFoundation.framework */,
				9A9C1D522668368B0085ECEA /* CloudKit.framework */,
			);
			name = Frameworks;
			sourceTree = "<group>";
		};
		9ABE178A2632325A00EE9F48 /* Components */ = {
			isa = PBXGroup;
			children = (
				9A9C1B96268B9D22001CF265 /* ComponentsPanelTags.swift */,
				9ABE178B2632328100EE9F48 /* ComponentsPanel.swift */,
				9A481FAF267914DA006B91C2 /* ComponentsExtra.swift */,
				9A9C1BA0268D2734001CF265 /* ComponentsPanelAttributes.swift */,
				9A97E0C626A32CDA00FF757B /* ComponentsWindow.swift */,
			);
			path = Components;
			sourceTree = "<group>";
		};
/* End PBXGroup section */

/* Begin PBXNativeTarget section */
		9A43161F26265A1F0071227C /* Informant */ = {
			isa = PBXNativeTarget;
			buildConfigurationList = 9A43164926265A210071227C /* Build configuration list for PBXNativeTarget "Informant" */;
			buildPhases = (
				9A43161C26265A1F0071227C /* Sources */,
				9A43161D26265A1F0071227C /* Frameworks */,
				9A43161E26265A1F0071227C /* Resources */,
				9A7F3B402626A01100BD878F /* Embed App Extensions */,
				9AF9BF532698C649006FAA39 /* Launch at Login Helper */,
				9A1AB39A26AF61B700AC9BE9 /* Set Build Number */,
			);
			buildRules = (
			);
			dependencies = (
			);
			name = Informant;
			packageProductDependencies = (
				9A64FCA92626814B00CE52E4 /* KeyboardShortcuts */,
				9A9C1B9E268BB88E001CF265 /* WrappingHStack */,
				9AF9BF512698C4CD006FAA39 /* LaunchAtLogin */,
			);
			productName = Informant;
			productReference = 9A43162026265A1F0071227C /* Informant.app */;
			productType = "com.apple.product-type.application";
		};
/* End PBXNativeTarget section */

/* Begin PBXProject section */
		9A43161826265A1F0071227C /* Project object */ = {
			isa = PBXProject;
			attributes = {
				LastSwiftUpdateCheck = 1240;
				LastUpgradeCheck = 1250;
				TargetAttributes = {
					9A43161F26265A1F0071227C = {
						CreatedOnToolsVersion = 12.4;
					};
				};
			};
			buildConfigurationList = 9A43161B26265A1F0071227C /* Build configuration list for PBXProject "Informant" */;
			compatibilityVersion = "Xcode 9.3";
			developmentRegion = en;
			hasScannedForEncodings = 0;
			knownRegions = (
				en,
				Base,
				"zh-Hans",
				fr,
				hi,
				es,
				ja,
				it,
				de,
				"pt-BR",
				sv,
				"zh-Hant",
				ko,
				ru,
			);
			mainGroup = 9A43161726265A1F0071227C;
			packageReferences = (
				9A64FCA82626814B00CE52E4 /* XCRemoteSwiftPackageReference "KeyboardShortcuts" */,
				9A9C1B9D268BB88E001CF265 /* XCRemoteSwiftPackageReference "WrappingHStack" */,
				9AF9BF502698C4CD006FAA39 /* XCRemoteSwiftPackageReference "LaunchAtLogin" */,
			);
			productRefGroup = 9A43162126265A1F0071227C /* Products */;
			projectDirPath = "";
			projectRoot = "";
			targets = (
				9A43161F26265A1F0071227C /* Informant */,
			);
		};
/* End PBXProject section */

/* Begin PBXResourcesBuildPhase section */
		9A43161E26265A1F0071227C /* Resources */ = {
			isa = PBXResourcesBuildPhase;
			buildActionMask = 2147483647;
			files = (
				9A00210826A5E762006DEA70 /* SF-Mono-Regular.otf in Resources */,
				9AE66E4026BCAF6500722085 /* hide.png in Resources */,
				9A389165265B0CB2005F0F04 /* Localizable.strings in Resources */,
				9AE66E3F26BCAF6500722085 /* play.png in Resources */,
				9A43162B26265A210071227C /* Preview Assets.xcassets in Resources */,
				9AE66E3D26BCAF6500722085 /* pause.png in Resources */,
				9AE66E3E26BCAF6500722085 /* show.png in Resources */,
				9A43162826265A210071227C /* Assets.xcassets in Resources */,
				9AC1AFB8265C1FCA006D1FC8 /* Main.storyboard in Resources */,
				9AFC584E26C317530038A51B /* (Informant_-_File_Inspector_for_macOS)_Acknowledgements.pdf in Resources */,
				9A00210726A5E762006DEA70 /* SF-Compact-Display-Regular.otf in Resources */,
			);
			runOnlyForDeploymentPostprocessing = 0;
		};
/* End PBXResourcesBuildPhase section */

/* Begin PBXShellScriptBuildPhase section */
		9A1AB39A26AF61B700AC9BE9 /* Set Build Number */ = {
			isa = PBXShellScriptBuildPhase;
			buildActionMask = 2147483647;
			files = (
			);
			inputFileListPaths = (
			);
			inputPaths = (
			);
			name = "Set Build Number";
			outputFileListPaths = (
			);
			outputPaths = (
			);
			runOnlyForDeploymentPostprocessing = 0;
			shellPath = /bin/sh;
			shellScript = "#!/bin/bash\n\ngit=$(sh /etc/profile; which git)\nnumber_of_commits=$(\"$git\" rev-list HEAD --count)\ngit_release_version=$(\"$git\" describe --tags --always --abbrev=0)\n\ntarget_plist=\"$TARGET_BUILD_DIR/$INFOPLIST_PATH\"\ndsym_plist=\"$DWARF_DSYM_FOLDER_PATH/$DWARF_DSYM_FILE_NAME/Contents/Info.plist\"\n\nfor plist in \"$target_plist\" \"$dsym_plist\"; do\n  if [ -f \"$plist\" ]; then\n    /usr/libexec/PlistBuddy -c \"Set :CFBundleVersion $number_of_commits\" \"$plist\"\n    /usr/libexec/PlistBuddy -c \"Set :CFBundleShortVersionString ${git_release_version#*v}\" \"$plist\"\n  fi\ndone\n";
		};
		9AF9BF532698C649006FAA39 /* Launch at Login Helper */ = {
			isa = PBXShellScriptBuildPhase;
			buildActionMask = 2147483647;
			files = (
			);
			inputFileListPaths = (
			);
			inputPaths = (
			);
			name = "Launch at Login Helper";
			outputFileListPaths = (
			);
			outputPaths = (
			);
			runOnlyForDeploymentPostprocessing = 0;
			shellPath = /bin/sh;
			shellScript = "# Type a script or drag a script file from your workspace to insert its path.\n\"${BUILT_PRODUCTS_DIR}/LaunchAtLogin_LaunchAtLogin.bundle/Contents/Resources/copy-helper-swiftpm.sh\"\n";
		};
/* End PBXShellScriptBuildPhase section */

/* Begin PBXSourcesBuildPhase section */
		9A43161C26265A1F0071227C /* Sources */ = {
			isa = PBXSourcesBuildPhase;
			buildActionMask = 2147483647;
			files = (
				9A43162626265A1F0071227C /* ContentView.swift in Sources */,
				9A2DDF74268153A100DB84BA /* SingleAudioSelection.swift in Sources */,
				9A9C1B8F268AA575001CF265 /* InterfaceCloseController.swift in Sources */,
				9AC1AFBA265C2020006D1FC8 /* ContentManager.swift in Sources */,
				9AFF98D9267061C900E31D2A /* TrackingAreaHelper.swift in Sources */,
				9A2DDF872682A83300DB84BA /* PanelSingleApplicationItem.swift in Sources */,
				9AFF98D1266F111800E31D2A /* InterfaceState.swift in Sources */,
				9ABE17A526346C7D00EE9F48 /* MultiSelection.swift in Sources */,
				9ABE178326322A0900EE9F48 /* PanelMultiItem.swift in Sources */,
				9A51EC8B26A1E09600565670 /* PanelAuthErrorItem.swift in Sources */,
				9A9C1B99268B9E2D001CF265 /* SelectionTags.swift in Sources */,
				9AF88129266AB77D00C6BA93 /* SelectionHelper.swift in Sources */,
				9A2DDF8F2686971200DB84BA /* SingleVolumeSelection.swift in Sources */,
				9ABE179A26323B7200EE9F48 /* Style.swift in Sources */,
				9A97E0CC26A7740F00FF757B /* InterfacePanelController.swift in Sources */,
				9A97E0C726A32CDA00FF757B /* ComponentsWindow.swift in Sources */,
				9A43165626265D1C0071227C /* StatusBarController.swift in Sources */,
				9A2DDF702681534F00DB84BA /* SingleDirectorySelection.swift in Sources */,
				9ABE17D326372F5C00EE9F48 /* InterfaceHelper.swift in Sources */,
				9ABE177E263229FE00EE9F48 /* PanelNoItem.swift in Sources */,
				9A9C1BA1268D2734001CF265 /* ComponentsPanelAttributes.swift in Sources */,
				9A481FA92677E945006B91C2 /* InactiveWindowTapHelper.swift in Sources */,
				9AC1AFBC265C3F8C006D1FC8 /* InterfaceMenuController.swift in Sources */,
				9A2DDF722681537D00DB84BA /* SingleApplicationSelection.swift in Sources */,
				9ABEAA192663FA070044E18B /* URLDiskAllocationHelper.swift in Sources */,
				9A2C626026C0CCEA00726FFB /* LinkHelper.swift in Sources */,
				9A481FAB26780F86006B91C2 /* InterfaceAlertController.swift in Sources */,
				9A2DDF6C2681441100DB84BA /* SingleImageSelection.swift in Sources */,
				9A481FB0267914DA006B91C2 /* ComponentsExtra.swift in Sources */,
				9A7F3B29262693BE00BD878F /* SettingsView.swift in Sources */,
				9A2DDF7626825D6700DB84BA /* SecurityBookmarkHelper.swift in Sources */,
				9A9C1B93268B8378001CF265 /* SettingsWindowController.swift in Sources */,
				9A2DDF812682A81200DB84BA /* PanelSingleMovieItem.swift in Sources */,
				9A2DDF852682A82900DB84BA /* PanelSingleDirectoryItem.swift in Sources */,
				9A9C1D4E266700BF0085ECEA /* SelectionProtocol.swift in Sources */,
				9A9061A1266AC1780043A334 /* PanelProtocol.swift in Sources */,
				9A7F3B512626BA2700BD878F /* ExtensionsGlobal.swift in Sources */,
				9AEA9F2C2697D1A200806AAE /* MenubarUtilityHelper.swift in Sources */,
				9ABE17762632295400EE9F48 /* PanelSingleItem.swift in Sources */,
				9A2DDF7B2682A3CF00DB84BA /* PanelSingleFrame.swift in Sources */,
				9A43162426265A1F0071227C /* AppDelegate.swift in Sources */,
				9A2C625E26C0CA9F00726FFB /* Debug.swift in Sources */,
				9ABE178C2632328100EE9F48 /* ComponentsPanel.swift in Sources */,
				9A2DDF79268264B000DB84BA /* SettingsUserDefaults.swift in Sources */,
				9A2DDF93268A506A00DB84BA /* PanelSelectionErrorItem.swift in Sources */,
				9A7F3B4C2626A37E00BD878F /* AppleScriptsHelper.swift in Sources */,
				9A9C1D502667242F0085ECEA /* SingleSelection.swift in Sources */,
				9A64FC9D26266D0800CE52E4 /* GlobalEventMonitor.swift in Sources */,
				9A97E0C3269E6BA400FF757B /* AuthAccessibilityView.swift in Sources */,
				9A7F3B2226268F5F00BD878F /* ExtensionsShortcuts.swift in Sources */,
				9A9C1B97268B9D22001CF265 /* ComponentsPanelTags.swift in Sources */,
				9A2DDF95268A585A00DB84BA /* SingleErrorSelection.swift in Sources */,
				9A2DDF8926865C5300DB84BA /* CacheHelper.swift in Sources */,
				9A2DDF832682A81E00DB84BA /* PanelSingleAudioItem.swift in Sources */,
				9A2DDF7F2682A7F800DB84BA /* PanelSingleImageItem.swift in Sources */,
				9ABE17AD26346D2600EE9F48 /* InterfaceData.swift in Sources */,
				9A9C1B91268AA706001CF265 /* PanelCloseButton.swift in Sources */,
				9A2DDF6E2681532F00DB84BA /* SingleMovieSelection.swift in Sources */,
				9A481FB2267921BE006B91C2 /* PasteboardHelper.swift in Sources */,
				9A97E0C526A2573700FF757B /* WelcomeView.swift in Sources */,
				9A481FAE26782335006B91C2 /* PanelAlert.swift in Sources */,
				9AEA9F2E2697E4FF00806AAE /* CheckedSelection.swift in Sources */,
				9A97E0C1269E68C600FF757B /* IFWindowController.swift in Sources */,
				9A2DDF912686989000DB84BA /* PanelSingleVolumeItem.swift in Sources */,
			);
			runOnlyForDeploymentPostprocessing = 0;
		};
/* End PBXSourcesBuildPhase section */

/* Begin PBXVariantGroup section */
		9A389167265B0CB2005F0F04 /* Localizable.strings */ = {
			isa = PBXVariantGroup;
			children = (
				9A389166265B0CB2005F0F04 /* en */,
				9A389169265B1115005F0F04 /* zh-Hans */,
				9A38916A265B11A9005F0F04 /* fr */,
				9A38916B265B11B0005F0F04 /* hi */,
				9A38916C265B11B5005F0F04 /* es */,
				9A38916D265B11CB005F0F04 /* ja */,
				9A38916F265B11D7005F0F04 /* it */,
				9A389170265B11DC005F0F04 /* de */,
				9A389174265B12C4005F0F04 /* sv */,
				9A389175265B134D005F0F04 /* pt-BR */,
				9A389176265B135F005F0F04 /* zh-Hant */,
				9A389177265B136C005F0F04 /* ko */,
				9AFC585026C33F110038A51B /* ru */,
			);
			name = Localizable.strings;
			sourceTree = "<group>";
		};
/* End PBXVariantGroup section */

/* Begin XCBuildConfiguration section */
		9A43164726265A210071227C /* Debug */ = {
			isa = XCBuildConfiguration;
			buildSettings = {
				ALWAYS_SEARCH_USER_PATHS = NO;
				CLANG_ANALYZER_LOCALIZABILITY_NONLOCALIZED = YES;
				CLANG_ANALYZER_NONNULL = YES;
				CLANG_ANALYZER_NUMBER_OBJECT_CONVERSION = YES_AGGRESSIVE;
				CLANG_CXX_LANGUAGE_STANDARD = "gnu++14";
				CLANG_CXX_LIBRARY = "libc++";
				CLANG_ENABLE_MODULES = YES;
				CLANG_ENABLE_OBJC_ARC = YES;
				CLANG_ENABLE_OBJC_WEAK = YES;
				CLANG_WARN_BLOCK_CAPTURE_AUTORELEASING = YES;
				CLANG_WARN_BOOL_CONVERSION = YES;
				CLANG_WARN_COMMA = YES;
				CLANG_WARN_CONSTANT_CONVERSION = YES;
				CLANG_WARN_DEPRECATED_OBJC_IMPLEMENTATIONS = YES;
				CLANG_WARN_DIRECT_OBJC_ISA_USAGE = YES_ERROR;
				CLANG_WARN_DOCUMENTATION_COMMENTS = YES;
				CLANG_WARN_EMPTY_BODY = YES;
				CLANG_WARN_ENUM_CONVERSION = YES;
				CLANG_WARN_INFINITE_RECURSION = YES;
				CLANG_WARN_INT_CONVERSION = YES;
				CLANG_WARN_NON_LITERAL_NULL_CONVERSION = YES;
				CLANG_WARN_OBJC_IMPLICIT_RETAIN_SELF = YES;
				CLANG_WARN_OBJC_LITERAL_CONVERSION = YES;
				CLANG_WARN_OBJC_ROOT_CLASS = YES_ERROR;
				CLANG_WARN_QUOTED_INCLUDE_IN_FRAMEWORK_HEADER = YES;
				CLANG_WARN_RANGE_LOOP_ANALYSIS = YES;
				CLANG_WARN_STRICT_PROTOTYPES = YES;
				CLANG_WARN_SUSPICIOUS_MOVE = YES;
				CLANG_WARN_UNGUARDED_AVAILABILITY = YES_AGGRESSIVE;
				CLANG_WARN_UNREACHABLE_CODE = YES;
				CLANG_WARN__DUPLICATE_METHOD_MATCH = YES;
				CODE_SIGN_IDENTITY = "-";
				COPY_PHASE_STRIP = NO;
				DEBUG_INFORMATION_FORMAT = dwarf;
				ENABLE_STRICT_OBJC_MSGSEND = YES;
				ENABLE_TESTABILITY = YES;
				GCC_C_LANGUAGE_STANDARD = gnu11;
				GCC_DYNAMIC_NO_PIC = NO;
				GCC_NO_COMMON_BLOCKS = YES;
				GCC_OPTIMIZATION_LEVEL = 0;
				GCC_PREPROCESSOR_DEFINITIONS = (
					"DEBUG=1",
					"$(inherited)",
				);
				GCC_WARN_64_TO_32_BIT_CONVERSION = YES;
				GCC_WARN_ABOUT_RETURN_TYPE = YES_ERROR;
				GCC_WARN_UNDECLARED_SELECTOR = YES;
				GCC_WARN_UNINITIALIZED_AUTOS = YES_AGGRESSIVE;
				GCC_WARN_UNUSED_FUNCTION = YES;
				GCC_WARN_UNUSED_VARIABLE = YES;
				MACOSX_DEPLOYMENT_TARGET = 11.1;
				MTL_ENABLE_DEBUG_INFO = INCLUDE_SOURCE;
				MTL_FAST_MATH = YES;
				ONLY_ACTIVE_ARCH = YES;
				SDKROOT = macosx;
				SWIFT_ACTIVE_COMPILATION_CONDITIONS = DEBUG;
				SWIFT_OPTIMIZATION_LEVEL = "-Onone";
			};
			name = Debug;
		};
		9A43164826265A210071227C /* Release */ = {
			isa = XCBuildConfiguration;
			buildSettings = {
				ALWAYS_SEARCH_USER_PATHS = NO;
				CLANG_ANALYZER_LOCALIZABILITY_NONLOCALIZED = YES;
				CLANG_ANALYZER_NONNULL = YES;
				CLANG_ANALYZER_NUMBER_OBJECT_CONVERSION = YES_AGGRESSIVE;
				CLANG_CXX_LANGUAGE_STANDARD = "gnu++14";
				CLANG_CXX_LIBRARY = "libc++";
				CLANG_ENABLE_MODULES = YES;
				CLANG_ENABLE_OBJC_ARC = YES;
				CLANG_ENABLE_OBJC_WEAK = YES;
				CLANG_WARN_BLOCK_CAPTURE_AUTORELEASING = YES;
				CLANG_WARN_BOOL_CONVERSION = YES;
				CLANG_WARN_COMMA = YES;
				CLANG_WARN_CONSTANT_CONVERSION = YES;
				CLANG_WARN_DEPRECATED_OBJC_IMPLEMENTATIONS = YES;
				CLANG_WARN_DIRECT_OBJC_ISA_USAGE = YES_ERROR;
				CLANG_WARN_DOCUMENTATION_COMMENTS = YES;
				CLANG_WARN_EMPTY_BODY = YES;
				CLANG_WARN_ENUM_CONVERSION = YES;
				CLANG_WARN_INFINITE_RECURSION = YES;
				CLANG_WARN_INT_CONVERSION = YES;
				CLANG_WARN_NON_LITERAL_NULL_CONVERSION = YES;
				CLANG_WARN_OBJC_IMPLICIT_RETAIN_SELF = YES;
				CLANG_WARN_OBJC_LITERAL_CONVERSION = YES;
				CLANG_WARN_OBJC_ROOT_CLASS = YES_ERROR;
				CLANG_WARN_QUOTED_INCLUDE_IN_FRAMEWORK_HEADER = YES;
				CLANG_WARN_RANGE_LOOP_ANALYSIS = YES;
				CLANG_WARN_STRICT_PROTOTYPES = YES;
				CLANG_WARN_SUSPICIOUS_MOVE = YES;
				CLANG_WARN_UNGUARDED_AVAILABILITY = YES_AGGRESSIVE;
				CLANG_WARN_UNREACHABLE_CODE = YES;
				CLANG_WARN__DUPLICATE_METHOD_MATCH = YES;
				CODE_SIGN_IDENTITY = "-";
				COPY_PHASE_STRIP = NO;
				DEBUG_INFORMATION_FORMAT = "dwarf-with-dsym";
				ENABLE_NS_ASSERTIONS = NO;
				ENABLE_STRICT_OBJC_MSGSEND = YES;
				GCC_C_LANGUAGE_STANDARD = gnu11;
				GCC_NO_COMMON_BLOCKS = YES;
				GCC_WARN_64_TO_32_BIT_CONVERSION = YES;
				GCC_WARN_ABOUT_RETURN_TYPE = YES_ERROR;
				GCC_WARN_UNDECLARED_SELECTOR = YES;
				GCC_WARN_UNINITIALIZED_AUTOS = YES_AGGRESSIVE;
				GCC_WARN_UNUSED_FUNCTION = YES;
				GCC_WARN_UNUSED_VARIABLE = YES;
				MACOSX_DEPLOYMENT_TARGET = 11.1;
				MTL_ENABLE_DEBUG_INFO = NO;
				MTL_FAST_MATH = YES;
				SDKROOT = macosx;
				SWIFT_COMPILATION_MODE = wholemodule;
				SWIFT_OPTIMIZATION_LEVEL = "-O";
			};
			name = Release;
		};
		9A43164A26265A210071227C /* Debug */ = {
			isa = XCBuildConfiguration;
			buildSettings = {
				ASSETCATALOG_COMPILER_APPICON_NAME = AppIcon;
				ASSETCATALOG_COMPILER_GLOBAL_ACCENT_COLOR_NAME = AccentColor;
				CODE_SIGN_ENTITLEMENTS = Informant/Informant.entitlements;
				CODE_SIGN_IDENTITY = "-";
				CODE_SIGN_STYLE = Automatic;
				COMBINE_HIDPI_IMAGES = YES;
				CURRENT_PROJECT_VERSION = 1;
				DEVELOPMENT_ASSET_PATHS = "\"Informant/Preview Content\"";
				DEVELOPMENT_TEAM = "";
				ENABLE_HARDENED_RUNTIME = YES;
				ENABLE_PREVIEWS = YES;
				INFOPLIST_FILE = Informant/Info.plist;
				LD_RUNPATH_SEARCH_PATHS = (
					"$(inherited)",
					"@executable_path/../Frameworks",
				);
				MACOSX_DEPLOYMENT_TARGET = 11.0;
				MARKETING_VERSION = 0.08.8;
				PRODUCT_BUNDLE_IDENTIFIER = com.tyirvine.Informant;
				PRODUCT_NAME = "$(TARGET_NAME)";
				PROVISIONING_PROFILE_SPECIFIER = "";
				SWIFT_INSTALL_OBJC_HEADER = NO;
				SWIFT_OBJC_BRIDGING_HEADER = "";
				SWIFT_VERSION = 5.0;
			};
			name = Debug;
		};
		9A43164B26265A210071227C /* Release */ = {
			isa = XCBuildConfiguration;
			buildSettings = {
				ASSETCATALOG_COMPILER_APPICON_NAME = AppIcon;
				ASSETCATALOG_COMPILER_GLOBAL_ACCENT_COLOR_NAME = AccentColor;
				CODE_SIGN_ENTITLEMENTS = Informant/Informant.entitlements;
				CODE_SIGN_IDENTITY = "-";
				CODE_SIGN_STYLE = Automatic;
				COMBINE_HIDPI_IMAGES = YES;
				CURRENT_PROJECT_VERSION = 1;
				DEVELOPMENT_ASSET_PATHS = "\"Informant/Preview Content\"";
				DEVELOPMENT_TEAM = "";
				ENABLE_HARDENED_RUNTIME = YES;
				ENABLE_PREVIEWS = YES;
				INFOPLIST_FILE = Informant/Info.plist;
				LD_RUNPATH_SEARCH_PATHS = (
					"$(inherited)",
					"@executable_path/../Frameworks",
				);
				MACOSX_DEPLOYMENT_TARGET = 11.0;
				MARKETING_VERSION = 0.08.8;
				PRODUCT_BUNDLE_IDENTIFIER = com.tyirvine.Informant;
				PRODUCT_NAME = "$(TARGET_NAME)";
				PROVISIONING_PROFILE_SPECIFIER = "";
				SWIFT_INSTALL_OBJC_HEADER = NO;
				SWIFT_OBJC_BRIDGING_HEADER = "";
				SWIFT_VERSION = 5.0;
			};
			name = Release;
		};
/* End XCBuildConfiguration section */

/* Begin XCConfigurationList section */
		9A43161B26265A1F0071227C /* Build configuration list for PBXProject "Informant" */ = {
			isa = XCConfigurationList;
			buildConfigurations = (
				9A43164726265A210071227C /* Debug */,
				9A43164826265A210071227C /* Release */,
			);
			defaultConfigurationIsVisible = 0;
			defaultConfigurationName = Release;
		};
		9A43164926265A210071227C /* Build configuration list for PBXNativeTarget "Informant" */ = {
			isa = XCConfigurationList;
			buildConfigurations = (
				9A43164A26265A210071227C /* Debug */,
				9A43164B26265A210071227C /* Release */,
			);
			defaultConfigurationIsVisible = 0;
			defaultConfigurationName = Release;
		};
/* End XCConfigurationList section */

/* Begin XCRemoteSwiftPackageReference section */
		9A64FCA82626814B00CE52E4 /* XCRemoteSwiftPackageReference "KeyboardShortcuts" */ = {
			isa = XCRemoteSwiftPackageReference;
			repositoryURL = "https://github.com/sindresorhus/KeyboardShortcuts";
			requirement = {
				kind = upToNextMajorVersion;
				minimumVersion = 1.0.0;
			};
		};
		9A9C1B9D268BB88E001CF265 /* XCRemoteSwiftPackageReference "WrappingHStack" */ = {
			isa = XCRemoteSwiftPackageReference;
			repositoryURL = "https://github.com/dkk/WrappingHStack";
			requirement = {
				kind = upToNextMajorVersion;
				minimumVersion = 2.1.1;
			};
		};
		9AF9BF502698C4CD006FAA39 /* XCRemoteSwiftPackageReference "LaunchAtLogin" */ = {
			isa = XCRemoteSwiftPackageReference;
			repositoryURL = "https://github.com/sindresorhus/LaunchAtLogin";
			requirement = {
				kind = upToNextMajorVersion;
				minimumVersion = 4.1.0;
			};
		};
/* End XCRemoteSwiftPackageReference section */

/* Begin XCSwiftPackageProductDependency section */
		9A64FCA92626814B00CE52E4 /* KeyboardShortcuts */ = {
			isa = XCSwiftPackageProductDependency;
			package = 9A64FCA82626814B00CE52E4 /* XCRemoteSwiftPackageReference "KeyboardShortcuts" */;
			productName = KeyboardShortcuts;
		};
		9A9C1B9E268BB88E001CF265 /* WrappingHStack */ = {
			isa = XCSwiftPackageProductDependency;
			package = 9A9C1B9D268BB88E001CF265 /* XCRemoteSwiftPackageReference "WrappingHStack" */;
			productName = WrappingHStack;
		};
		9AF9BF512698C4CD006FAA39 /* LaunchAtLogin */ = {
			isa = XCSwiftPackageProductDependency;
			package = 9AF9BF502698C4CD006FAA39 /* XCRemoteSwiftPackageReference "LaunchAtLogin" */;
			productName = LaunchAtLogin;
		};
/* End XCSwiftPackageProductDependency section */
	};
	rootObject = 9A43161826265A1F0071227C /* Project object */;
}
