// !$*UTF8*$!
{
	archiveVersion = 1;
	classes = {
	};
	objectVersion = 52;
	objects = {

/* Begin PBXBuildFile section */
		9A2DDF6C2681441100DB84BA /* SingleImageSelection.swift in Sources */ = {isa = PBXBuildFile; fileRef = 9A2DDF6B2681441100DB84BA /* SingleImageSelection.swift */; };
		9A2DDF6E2681532F00DB84BA /* SingleMovieSelection.swift in Sources */ = {isa = PBXBuildFile; fileRef = 9A2DDF6D2681532F00DB84BA /* SingleMovieSelection.swift */; };
		9A2DDF702681534F00DB84BA /* SingleDirectorySelection.swift in Sources */ = {isa = PBXBuildFile; fileRef = 9A2DDF6F2681534F00DB84BA /* SingleDirectorySelection.swift */; };
		9A2DDF722681537D00DB84BA /* SingleApplicationSelection.swift in Sources */ = {isa = PBXBuildFile; fileRef = 9A2DDF712681537D00DB84BA /* SingleApplicationSelection.swift */; };
		9A2DDF74268153A100DB84BA /* SingleAudioSelection.swift in Sources */ = {isa = PBXBuildFile; fileRef = 9A2DDF73268153A100DB84BA /* SingleAudioSelection.swift */; };
		9A389165265B0CB2005F0F04 /* Localizable.strings in Resources */ = {isa = PBXBuildFile; fileRef = 9A389167265B0CB2005F0F04 /* Localizable.strings */; };
		9A43162426265A1F0071227C /* AppDelegate.swift in Sources */ = {isa = PBXBuildFile; fileRef = 9A43162326265A1F0071227C /* AppDelegate.swift */; };
		9A43162626265A1F0071227C /* ContentView.swift in Sources */ = {isa = PBXBuildFile; fileRef = 9A43162526265A1F0071227C /* ContentView.swift */; };
		9A43162826265A210071227C /* Assets.xcassets in Resources */ = {isa = PBXBuildFile; fileRef = 9A43162726265A210071227C /* Assets.xcassets */; };
		9A43162B26265A210071227C /* Preview Assets.xcassets in Resources */ = {isa = PBXBuildFile; fileRef = 9A43162A26265A210071227C /* Preview Assets.xcassets */; };
		9A43163A26265A210071227C /* InformantTests.swift in Sources */ = {isa = PBXBuildFile; fileRef = 9A43163926265A210071227C /* InformantTests.swift */; };
		9A43164526265A210071227C /* InformantUITests.swift in Sources */ = {isa = PBXBuildFile; fileRef = 9A43164426265A210071227C /* InformantUITests.swift */; };
		9A43165626265D1C0071227C /* StatusBarController.swift in Sources */ = {isa = PBXBuildFile; fileRef = 9A43165526265D1C0071227C /* StatusBarController.swift */; };
		9A481FA92677E945006B91C2 /* InactiveWindowTapHelper.swift in Sources */ = {isa = PBXBuildFile; fileRef = 9A481FA82677E945006B91C2 /* InactiveWindowTapHelper.swift */; };
		9A481FAB26780F86006B91C2 /* InterfaceAlertController.swift in Sources */ = {isa = PBXBuildFile; fileRef = 9A481FAA26780F86006B91C2 /* InterfaceAlertController.swift */; };
		9A481FAE26782335006B91C2 /* PanelAlert.swift in Sources */ = {isa = PBXBuildFile; fileRef = 9A481FAD26782335006B91C2 /* PanelAlert.swift */; };
		9A481FB0267914DA006B91C2 /* ComponentsExtra.swift in Sources */ = {isa = PBXBuildFile; fileRef = 9A481FAF267914DA006B91C2 /* ComponentsExtra.swift */; };
		9A481FB2267921BE006B91C2 /* PasteboardHelper.swift in Sources */ = {isa = PBXBuildFile; fileRef = 9A481FB1267921BE006B91C2 /* PasteboardHelper.swift */; };
		9A64FC9D26266D0800CE52E4 /* GlobalEventMonitor.swift in Sources */ = {isa = PBXBuildFile; fileRef = 9A64FC9C26266D0800CE52E4 /* GlobalEventMonitor.swift */; };
		9A64FCAA2626814B00CE52E4 /* KeyboardShortcuts in Frameworks */ = {isa = PBXBuildFile; productRef = 9A64FCA92626814B00CE52E4 /* KeyboardShortcuts */; };
		9A6A5F47265E16B100962B15 /* panel-menu-toggle-icon.png in Resources */ = {isa = PBXBuildFile; fileRef = 9A6A5F46265E16B100962B15 /* panel-menu-toggle-icon.png */; };
		9A6A5F49265E185000962B15 /* menubar-icon.png in Resources */ = {isa = PBXBuildFile; fileRef = 9A6A5F48265E185000962B15 /* menubar-icon.png */; };
		9A7F3B2226268F5F00BD878F /* Shortcuts.swift in Sources */ = {isa = PBXBuildFile; fileRef = 9A7F3B2126268F5F00BD878F /* Shortcuts.swift */; };
		9A7F3B29262693BE00BD878F /* Preferences.swift in Sources */ = {isa = PBXBuildFile; fileRef = 9A7F3B28262693BE00BD878F /* Preferences.swift */; };
		9A7F3B4C2626A37E00BD878F /* AppleScripts.swift in Sources */ = {isa = PBXBuildFile; fileRef = 9A7F3B4B2626A37E00BD878F /* AppleScripts.swift */; };
		9A7F3B512626BA2700BD878F /* Extensions.swift in Sources */ = {isa = PBXBuildFile; fileRef = 9A7F3B502626BA2700BD878F /* Extensions.swift */; };
		9A9061A1266AC1780043A334 /* PanelProtocol.swift in Sources */ = {isa = PBXBuildFile; fileRef = 9A9061A0266AC1780043A334 /* PanelProtocol.swift */; };
		9A9C1D4E266700BF0085ECEA /* SelectionProtocol.swift in Sources */ = {isa = PBXBuildFile; fileRef = 9A9C1D4D266700BF0085ECEA /* SelectionProtocol.swift */; };
		9A9C1D502667242F0085ECEA /* SingleSelection.swift in Sources */ = {isa = PBXBuildFile; fileRef = 9A9C1D4F2667242F0085ECEA /* SingleSelection.swift */; };
		9A9C1D532668368B0085ECEA /* CloudKit.framework in Frameworks */ = {isa = PBXBuildFile; fileRef = 9A9C1D522668368B0085ECEA /* CloudKit.framework */; };
		9ABE17762632295400EE9F48 /* PanelSingleItem.swift in Sources */ = {isa = PBXBuildFile; fileRef = 9ABE17752632295400EE9F48 /* PanelSingleItem.swift */; };
		9ABE177E263229FE00EE9F48 /* PanelNoItem.swift in Sources */ = {isa = PBXBuildFile; fileRef = 9ABE177D263229FE00EE9F48 /* PanelNoItem.swift */; };
		9ABE178326322A0900EE9F48 /* PanelMultiItem.swift in Sources */ = {isa = PBXBuildFile; fileRef = 9ABE178226322A0900EE9F48 /* PanelMultiItem.swift */; };
		9ABE178C2632328100EE9F48 /* ComponentsPanel.swift in Sources */ = {isa = PBXBuildFile; fileRef = 9ABE178B2632328100EE9F48 /* ComponentsPanel.swift */; };
		9ABE179A26323B7200EE9F48 /* Style.swift in Sources */ = {isa = PBXBuildFile; fileRef = 9ABE179926323B7200EE9F48 /* Style.swift */; };
		9ABE17A526346C7D00EE9F48 /* MultiSelection.swift in Sources */ = {isa = PBXBuildFile; fileRef = 9ABE17A426346C7D00EE9F48 /* MultiSelection.swift */; };
		9ABE17AD26346D2600EE9F48 /* InterfaceData.swift in Sources */ = {isa = PBXBuildFile; fileRef = 9ABE17AC26346D2600EE9F48 /* InterfaceData.swift */; };
		9ABE17D326372F5C00EE9F48 /* InterfaceHelper.swift in Sources */ = {isa = PBXBuildFile; fileRef = 9ABE17D226372F5C00EE9F48 /* InterfaceHelper.swift */; };
		9ABEAA192663FA070044E18B /* URLDiskAllocationHelper.swift in Sources */ = {isa = PBXBuildFile; fileRef = 9ABEAA182663FA070044E18B /* URLDiskAllocationHelper.swift */; };
		9AC1AFB8265C1FCA006D1FC8 /* Main.storyboard in Resources */ = {isa = PBXBuildFile; fileRef = 9AC1AFB7265C1FCA006D1FC8 /* Main.storyboard */; };
		9AC1AFBA265C2020006D1FC8 /* ContentManager.swift in Sources */ = {isa = PBXBuildFile; fileRef = 9AC1AFB9265C2020006D1FC8 /* ContentManager.swift */; };
		9AC1AFBC265C3F8C006D1FC8 /* InterfaceMenuController.swift in Sources */ = {isa = PBXBuildFile; fileRef = 9AC1AFBB265C3F8C006D1FC8 /* InterfaceMenuController.swift */; };
		9AF88129266AB77D00C6BA93 /* SelectionHelper.swift in Sources */ = {isa = PBXBuildFile; fileRef = 9AF88128266AB77D00C6BA93 /* SelectionHelper.swift */; };
		9AFF98D1266F111800E31D2A /* SettingsData.swift in Sources */ = {isa = PBXBuildFile; fileRef = 9AFF98D0266F111800E31D2A /* SettingsData.swift */; };
		9AFF98D9267061C900E31D2A /* TrackingAreaHelper.swift in Sources */ = {isa = PBXBuildFile; fileRef = 9AFF98D8267061C900E31D2A /* TrackingAreaHelper.swift */; };
/* End PBXBuildFile section */

/* Begin PBXContainerItemProxy section */
		9A43163626265A210071227C /* PBXContainerItemProxy */ = {
			isa = PBXContainerItemProxy;
			containerPortal = 9A43161826265A1F0071227C /* Project object */;
			proxyType = 1;
			remoteGlobalIDString = 9A43161F26265A1F0071227C;
			remoteInfo = Informant;
		};
		9A43164126265A210071227C /* PBXContainerItemProxy */ = {
			isa = PBXContainerItemProxy;
			containerPortal = 9A43161826265A1F0071227C /* Project object */;
			proxyType = 1;
			remoteGlobalIDString = 9A43161F26265A1F0071227C;
			remoteInfo = Informant;
		};
/* End PBXContainerItemProxy section */

/* Begin PBXCopyFilesBuildPhase section */
		9A7F3B402626A01100BD878F /* Embed App Extensions */ = {
			isa = PBXCopyFilesBuildPhase;
			buildActionMask = 2147483647;
			dstPath = "";
			dstSubfolderSpec = 13;
			files = (
			);
			name = "Embed App Extensions";
			runOnlyForDeploymentPostprocessing = 0;
		};
/* End PBXCopyFilesBuildPhase section */

/* Begin PBXFileReference section */
		9A2DDF6B2681441100DB84BA /* SingleImageSelection.swift */ = {isa = PBXFileReference; lastKnownFileType = sourcecode.swift; path = SingleImageSelection.swift; sourceTree = "<group>"; };
		9A2DDF6D2681532F00DB84BA /* SingleMovieSelection.swift */ = {isa = PBXFileReference; lastKnownFileType = sourcecode.swift; path = SingleMovieSelection.swift; sourceTree = "<group>"; };
		9A2DDF6F2681534F00DB84BA /* SingleDirectorySelection.swift */ = {isa = PBXFileReference; lastKnownFileType = sourcecode.swift; path = SingleDirectorySelection.swift; sourceTree = "<group>"; };
		9A2DDF712681537D00DB84BA /* SingleApplicationSelection.swift */ = {isa = PBXFileReference; lastKnownFileType = sourcecode.swift; path = SingleApplicationSelection.swift; sourceTree = "<group>"; };
		9A2DDF73268153A100DB84BA /* SingleAudioSelection.swift */ = {isa = PBXFileReference; lastKnownFileType = sourcecode.swift; path = SingleAudioSelection.swift; sourceTree = "<group>"; };
		9A389166265B0CB2005F0F04 /* en */ = {isa = PBXFileReference; lastKnownFileType = text.plist.strings; name = en; path = en.lproj/Localizable.strings; sourceTree = "<group>"; };
		9A389169265B1115005F0F04 /* zh-Hans */ = {isa = PBXFileReference; lastKnownFileType = text.plist.strings; name = "zh-Hans"; path = "zh-Hans.lproj/Localizable.strings"; sourceTree = "<group>"; };
		9A38916A265B11A9005F0F04 /* fr */ = {isa = PBXFileReference; lastKnownFileType = text.plist.strings; name = fr; path = fr.lproj/Localizable.strings; sourceTree = "<group>"; };
		9A38916B265B11B0005F0F04 /* hi */ = {isa = PBXFileReference; lastKnownFileType = text.plist.strings; name = hi; path = hi.lproj/Localizable.strings; sourceTree = "<group>"; };
		9A38916C265B11B5005F0F04 /* es */ = {isa = PBXFileReference; lastKnownFileType = text.plist.strings; name = es; path = es.lproj/Localizable.strings; sourceTree = "<group>"; };
		9A38916D265B11CB005F0F04 /* ja */ = {isa = PBXFileReference; lastKnownFileType = text.plist.strings; name = ja; path = ja.lproj/Localizable.strings; sourceTree = "<group>"; };
		9A38916E265B11D1005F0F04 /* ru */ = {isa = PBXFileReference; lastKnownFileType = text.plist.strings; name = ru; path = ru.lproj/Localizable.strings; sourceTree = "<group>"; };
		9A38916F265B11D7005F0F04 /* it */ = {isa = PBXFileReference; lastKnownFileType = text.plist.strings; name = it; path = it.lproj/Localizable.strings; sourceTree = "<group>"; };
		9A389170265B11DC005F0F04 /* de */ = {isa = PBXFileReference; lastKnownFileType = text.plist.strings; name = de; path = de.lproj/Localizable.strings; sourceTree = "<group>"; };
		9A389172265B11EA005F0F04 /* ar */ = {isa = PBXFileReference; lastKnownFileType = text.plist.strings; name = ar; path = ar.lproj/Localizable.strings; sourceTree = "<group>"; };
		9A389174265B12C4005F0F04 /* sv */ = {isa = PBXFileReference; lastKnownFileType = text.plist.strings; name = sv; path = sv.lproj/Localizable.strings; sourceTree = "<group>"; };
		9A389175265B134D005F0F04 /* pt-BR */ = {isa = PBXFileReference; lastKnownFileType = text.plist.strings; name = "pt-BR"; path = "pt-BR.lproj/Localizable.strings"; sourceTree = "<group>"; };
		9A389176265B135F005F0F04 /* zh-Hant */ = {isa = PBXFileReference; lastKnownFileType = text.plist.strings; name = "zh-Hant"; path = "zh-Hant.lproj/Localizable.strings"; sourceTree = "<group>"; };
		9A389177265B136C005F0F04 /* ko */ = {isa = PBXFileReference; lastKnownFileType = text.plist.strings; name = ko; path = ko.lproj/Localizable.strings; sourceTree = "<group>"; };
		9A389178265B137C005F0F04 /* tr */ = {isa = PBXFileReference; lastKnownFileType = text.plist.strings; name = tr; path = tr.lproj/Localizable.strings; sourceTree = "<group>"; };
		9A43162026265A1F0071227C /* Informant.app */ = {isa = PBXFileReference; explicitFileType = wrapper.application; includeInIndex = 0; path = Informant.app; sourceTree = BUILT_PRODUCTS_DIR; };
		9A43162326265A1F0071227C /* AppDelegate.swift */ = {isa = PBXFileReference; lastKnownFileType = sourcecode.swift; path = AppDelegate.swift; sourceTree = "<group>"; };
		9A43162526265A1F0071227C /* ContentView.swift */ = {isa = PBXFileReference; lastKnownFileType = sourcecode.swift; path = ContentView.swift; sourceTree = "<group>"; };
		9A43162726265A210071227C /* Assets.xcassets */ = {isa = PBXFileReference; lastKnownFileType = folder.assetcatalog; path = Assets.xcassets; sourceTree = "<group>"; };
		9A43162A26265A210071227C /* Preview Assets.xcassets */ = {isa = PBXFileReference; lastKnownFileType = folder.assetcatalog; path = "Preview Assets.xcassets"; sourceTree = "<group>"; };
		9A43162F26265A210071227C /* Info.plist */ = {isa = PBXFileReference; lastKnownFileType = text.plist.xml; path = Info.plist; sourceTree = "<group>"; };
		9A43163026265A210071227C /* Informant.entitlements */ = {isa = PBXFileReference; lastKnownFileType = text.plist.entitlements; path = Informant.entitlements; sourceTree = "<group>"; };
		9A43163526265A210071227C /* InformantTests.xctest */ = {isa = PBXFileReference; explicitFileType = wrapper.cfbundle; includeInIndex = 0; path = InformantTests.xctest; sourceTree = BUILT_PRODUCTS_DIR; };
		9A43163926265A210071227C /* InformantTests.swift */ = {isa = PBXFileReference; lastKnownFileType = sourcecode.swift; path = InformantTests.swift; sourceTree = "<group>"; };
		9A43163B26265A210071227C /* Info.plist */ = {isa = PBXFileReference; lastKnownFileType = text.plist.xml; path = Info.plist; sourceTree = "<group>"; };
		9A43164026265A210071227C /* InformantUITests.xctest */ = {isa = PBXFileReference; explicitFileType = wrapper.cfbundle; includeInIndex = 0; path = InformantUITests.xctest; sourceTree = BUILT_PRODUCTS_DIR; };
		9A43164426265A210071227C /* InformantUITests.swift */ = {isa = PBXFileReference; lastKnownFileType = sourcecode.swift; path = InformantUITests.swift; sourceTree = "<group>"; };
		9A43164626265A210071227C /* Info.plist */ = {isa = PBXFileReference; lastKnownFileType = text.plist.xml; path = Info.plist; sourceTree = "<group>"; };
		9A43165526265D1C0071227C /* StatusBarController.swift */ = {isa = PBXFileReference; lastKnownFileType = sourcecode.swift; path = StatusBarController.swift; sourceTree = "<group>"; };
		9A481FA82677E945006B91C2 /* InactiveWindowTapHelper.swift */ = {isa = PBXFileReference; lastKnownFileType = sourcecode.swift; path = InactiveWindowTapHelper.swift; sourceTree = "<group>"; };
		9A481FAA26780F86006B91C2 /* InterfaceAlertController.swift */ = {isa = PBXFileReference; lastKnownFileType = sourcecode.swift; path = InterfaceAlertController.swift; sourceTree = "<group>"; };
		9A481FAD26782335006B91C2 /* PanelAlert.swift */ = {isa = PBXFileReference; lastKnownFileType = sourcecode.swift; path = PanelAlert.swift; sourceTree = "<group>"; };
		9A481FAF267914DA006B91C2 /* ComponentsExtra.swift */ = {isa = PBXFileReference; lastKnownFileType = sourcecode.swift; path = ComponentsExtra.swift; sourceTree = "<group>"; };
		9A481FB1267921BE006B91C2 /* PasteboardHelper.swift */ = {isa = PBXFileReference; lastKnownFileType = sourcecode.swift; path = PasteboardHelper.swift; sourceTree = "<group>"; };
		9A64FC9C26266D0800CE52E4 /* GlobalEventMonitor.swift */ = {isa = PBXFileReference; lastKnownFileType = sourcecode.swift; path = GlobalEventMonitor.swift; sourceTree = "<group>"; };
		9A6A5F46265E16B100962B15 /* panel-menu-toggle-icon.png */ = {isa = PBXFileReference; lastKnownFileType = image.png; path = "panel-menu-toggle-icon.png"; sourceTree = "<group>"; };
		9A6A5F48265E185000962B15 /* menubar-icon.png */ = {isa = PBXFileReference; lastKnownFileType = image.png; path = "menubar-icon.png"; sourceTree = "<group>"; };
		9A7F3B2126268F5F00BD878F /* Shortcuts.swift */ = {isa = PBXFileReference; lastKnownFileType = sourcecode.swift; path = Shortcuts.swift; sourceTree = "<group>"; };
		9A7F3B28262693BE00BD878F /* Preferences.swift */ = {isa = PBXFileReference; lastKnownFileType = sourcecode.swift; path = Preferences.swift; sourceTree = "<group>"; };
		9A7F3B4B2626A37E00BD878F /* AppleScripts.swift */ = {isa = PBXFileReference; lastKnownFileType = sourcecode.swift; path = AppleScripts.swift; sourceTree = "<group>"; };
		9A7F3B502626BA2700BD878F /* Extensions.swift */ = {isa = PBXFileReference; lastKnownFileType = sourcecode.swift; path = Extensions.swift; sourceTree = "<group>"; };
		9A9061A0266AC1780043A334 /* PanelProtocol.swift */ = {isa = PBXFileReference; lastKnownFileType = sourcecode.swift; path = PanelProtocol.swift; sourceTree = "<group>"; };
		9A9C1D4D266700BF0085ECEA /* SelectionProtocol.swift */ = {isa = PBXFileReference; lastKnownFileType = sourcecode.swift; path = SelectionProtocol.swift; sourceTree = "<group>"; };
		9A9C1D4F2667242F0085ECEA /* SingleSelection.swift */ = {isa = PBXFileReference; lastKnownFileType = sourcecode.swift; path = SingleSelection.swift; sourceTree = "<group>"; };
		9A9C1D522668368B0085ECEA /* CloudKit.framework */ = {isa = PBXFileReference; lastKnownFileType = wrapper.framework; name = CloudKit.framework; path = System/Library/Frameworks/CloudKit.framework; sourceTree = SDKROOT; };
		9ABE17752632295400EE9F48 /* PanelSingleItem.swift */ = {isa = PBXFileReference; lastKnownFileType = sourcecode.swift; path = PanelSingleItem.swift; sourceTree = "<group>"; };
		9ABE177D263229FE00EE9F48 /* PanelNoItem.swift */ = {isa = PBXFileReference; lastKnownFileType = sourcecode.swift; path = PanelNoItem.swift; sourceTree = "<group>"; };
		9ABE178226322A0900EE9F48 /* PanelMultiItem.swift */ = {isa = PBXFileReference; lastKnownFileType = sourcecode.swift; path = PanelMultiItem.swift; sourceTree = "<group>"; };
		9ABE178B2632328100EE9F48 /* ComponentsPanel.swift */ = {isa = PBXFileReference; lastKnownFileType = sourcecode.swift; path = ComponentsPanel.swift; sourceTree = "<group>"; };
		9ABE179926323B7200EE9F48 /* Style.swift */ = {isa = PBXFileReference; lastKnownFileType = sourcecode.swift; path = Style.swift; sourceTree = "<group>"; };
		9ABE17A426346C7D00EE9F48 /* MultiSelection.swift */ = {isa = PBXFileReference; lastKnownFileType = sourcecode.swift; path = MultiSelection.swift; sourceTree = "<group>"; };
		9ABE17AC26346D2600EE9F48 /* InterfaceData.swift */ = {isa = PBXFileReference; lastKnownFileType = sourcecode.swift; path = InterfaceData.swift; sourceTree = "<group>"; };
		9ABE17D226372F5C00EE9F48 /* InterfaceHelper.swift */ = {isa = PBXFileReference; lastKnownFileType = sourcecode.swift; path = InterfaceHelper.swift; sourceTree = "<group>"; };
		9ABEAA182663FA070044E18B /* URLDiskAllocationHelper.swift */ = {isa = PBXFileReference; lastKnownFileType = sourcecode.swift; path = URLDiskAllocationHelper.swift; sourceTree = "<group>"; };
		9AC1AFB7265C1FCA006D1FC8 /* Main.storyboard */ = {isa = PBXFileReference; fileEncoding = 4; lastKnownFileType = file.storyboard; path = Main.storyboard; sourceTree = "<group>"; };
		9AC1AFB9265C2020006D1FC8 /* ContentManager.swift */ = {isa = PBXFileReference; fileEncoding = 4; lastKnownFileType = sourcecode.swift; path = ContentManager.swift; sourceTree = "<group>"; };
		9AC1AFBB265C3F8C006D1FC8 /* InterfaceMenuController.swift */ = {isa = PBXFileReference; lastKnownFileType = sourcecode.swift; path = InterfaceMenuController.swift; sourceTree = "<group>"; };
		9AF88128266AB77D00C6BA93 /* SelectionHelper.swift */ = {isa = PBXFileReference; lastKnownFileType = sourcecode.swift; path = SelectionHelper.swift; sourceTree = "<group>"; };
		9AFF98D0266F111800E31D2A /* SettingsData.swift */ = {isa = PBXFileReference; lastKnownFileType = sourcecode.swift; path = SettingsData.swift; sourceTree = "<group>"; };
		9AFF98D326705BC100E31D2A /* CoreFoundation.framework */ = {isa = PBXFileReference; lastKnownFileType = wrapper.framework; name = CoreFoundation.framework; path = System/Library/Frameworks/CoreFoundation.framework; sourceTree = SDKROOT; };
		9AFF98D526705CB400E31D2A /* Foundation.framework */ = {isa = PBXFileReference; lastKnownFileType = wrapper.framework; name = Foundation.framework; path = System/Library/Frameworks/Foundation.framework; sourceTree = SDKROOT; };
		9AFF98D8267061C900E31D2A /* TrackingAreaHelper.swift */ = {isa = PBXFileReference; lastKnownFileType = sourcecode.swift; path = TrackingAreaHelper.swift; sourceTree = "<group>"; };
/* End PBXFileReference section */

/* Begin PBXFrameworksBuildPhase section */
		9A43161D26265A1F0071227C /* Frameworks */ = {
			isa = PBXFrameworksBuildPhase;
			buildActionMask = 2147483647;
			files = (
				9A64FCAA2626814B00CE52E4 /* KeyboardShortcuts in Frameworks */,
				9A9C1D532668368B0085ECEA /* CloudKit.framework in Frameworks */,
			);
			runOnlyForDeploymentPostprocessing = 0;
		};
		9A43163226265A210071227C /* Frameworks */ = {
			isa = PBXFrameworksBuildPhase;
			buildActionMask = 2147483647;
			files = (
			);
			runOnlyForDeploymentPostprocessing = 0;
		};
		9A43163D26265A210071227C /* Frameworks */ = {
			isa = PBXFrameworksBuildPhase;
			buildActionMask = 2147483647;
			files = (
			);
			runOnlyForDeploymentPostprocessing = 0;
		};
/* End PBXFrameworksBuildPhase section */

/* Begin PBXGroup section */
		9A1DC9E5262BA45B00D73B48 /* Objects */ = {
			isa = PBXGroup;
			children = (
				9A2DDF6A268143EF00DB84BA /* SelectionTypes */,
				9AF88128266AB77D00C6BA93 /* SelectionHelper.swift */,
				9A9C1D4D266700BF0085ECEA /* SelectionProtocol.swift */,
				9ABE17AC26346D2600EE9F48 /* InterfaceData.swift */,
			);
			path = Objects;
			sourceTree = "<group>";
		};
		9A2DDF6A268143EF00DB84BA /* SelectionTypes */ = {
			isa = PBXGroup;
			children = (
				9ABE17A426346C7D00EE9F48 /* MultiSelection.swift */,
				9A9C1D4F2667242F0085ECEA /* SingleSelection.swift */,
				9A2DDF6B2681441100DB84BA /* SingleImageSelection.swift */,
				9A2DDF6D2681532F00DB84BA /* SingleMovieSelection.swift */,
				9A2DDF73268153A100DB84BA /* SingleAudioSelection.swift */,
				9A2DDF6F2681534F00DB84BA /* SingleDirectorySelection.swift */,
				9A2DDF712681537D00DB84BA /* SingleApplicationSelection.swift */,
			);
			path = SelectionTypes;
			sourceTree = "<group>";
		};
		9A43161726265A1F0071227C = {
			isa = PBXGroup;
			children = (
				9A43162226265A1F0071227C /* Informant */,
				9A43163826265A210071227C /* InformantTests */,
				9A43164326265A210071227C /* InformantUITests */,
				9A43162126265A1F0071227C /* Products */,
				9A9C1D512668368B0085ECEA /* Frameworks */,
			);
			sourceTree = "<group>";
		};
		9A43162126265A1F0071227C /* Products */ = {
			isa = PBXGroup;
			children = (
				9A43162026265A1F0071227C /* Informant.app */,
				9A43163526265A210071227C /* InformantTests.xctest */,
				9A43164026265A210071227C /* InformantUITests.xctest */,
			);
			name = Products;
			sourceTree = "<group>";
		};
		9A43162226265A1F0071227C /* Informant */ = {
			isa = PBXGroup;
			children = (
				9A43162326265A1F0071227C /* AppDelegate.swift */,
				9A43162526265A1F0071227C /* ContentView.swift */,
				9AC1AFB9265C2020006D1FC8 /* ContentManager.swift */,
				9A7F3B27262693AB00BD878F /* Views */,
				9A481FAC26780FC6006B91C2 /* Controllers */,
				9A1DC9E5262BA45B00D73B48 /* Objects */,
				9ABE17C826372D4000EE9F48 /* Logic */,
				9A64FCA42626724700CE52E4 /* Helpers */,
				9A43165F26265DFB0071227C /* Assets */,
				9A43162726265A210071227C /* Assets.xcassets */,
				9AC1AFB7265C1FCA006D1FC8 /* Main.storyboard */,
				9A43162F26265A210071227C /* Info.plist */,
				9A43163026265A210071227C /* Informant.entitlements */,
				9A389167265B0CB2005F0F04 /* Localizable.strings */,
				9A43162926265A210071227C /* Preview Content */,
			);
			path = Informant;
			sourceTree = "<group>";
		};
		9A43162926265A210071227C /* Preview Content */ = {
			isa = PBXGroup;
			children = (
				9A43162A26265A210071227C /* Preview Assets.xcassets */,
			);
			path = "Preview Content";
			sourceTree = "<group>";
		};
		9A43163826265A210071227C /* InformantTests */ = {
			isa = PBXGroup;
			children = (
				9A43163926265A210071227C /* InformantTests.swift */,
				9A43163B26265A210071227C /* Info.plist */,
			);
			path = InformantTests;
			sourceTree = "<group>";
		};
		9A43164326265A210071227C /* InformantUITests */ = {
			isa = PBXGroup;
			children = (
				9A43164426265A210071227C /* InformantUITests.swift */,
				9A43164626265A210071227C /* Info.plist */,
			);
			path = InformantUITests;
			sourceTree = "<group>";
		};
		9A43165F26265DFB0071227C /* Assets */ = {
			isa = PBXGroup;
			children = (
				9A6A5F46265E16B100962B15 /* panel-menu-toggle-icon.png */,
				9A6A5F48265E185000962B15 /* menubar-icon.png */,
			);
			path = Assets;
			sourceTree = "<group>";
		};
		9A481FAC26780FC6006B91C2 /* Controllers */ = {
			isa = PBXGroup;
			children = (
				9ABE17D226372F5C00EE9F48 /* InterfaceHelper.swift */,
				9AC1AFBB265C3F8C006D1FC8 /* InterfaceMenuController.swift */,
				9A481FAA26780F86006B91C2 /* InterfaceAlertController.swift */,
				9A43165526265D1C0071227C /* StatusBarController.swift */,
			);
			path = Controllers;
			sourceTree = "<group>";
		};
		9A64FCA42626724700CE52E4 /* Helpers */ = {
			isa = PBXGroup;
			children = (
				9A481FA82677E945006B91C2 /* InactiveWindowTapHelper.swift */,
				9A64FC9C26266D0800CE52E4 /* GlobalEventMonitor.swift */,
				9A7F3B2126268F5F00BD878F /* Shortcuts.swift */,
				9A7F3B4B2626A37E00BD878F /* AppleScripts.swift */,
				9A7F3B502626BA2700BD878F /* Extensions.swift */,
				9ABEAA182663FA070044E18B /* URLDiskAllocationHelper.swift */,
				9AFF98D8267061C900E31D2A /* TrackingAreaHelper.swift */,
				9A481FB1267921BE006B91C2 /* PasteboardHelper.swift */,
			);
			path = Helpers;
			sourceTree = "<group>";
		};
		9A7F3B27262693AB00BD878F /* Views */ = {
			isa = PBXGroup;
			children = (
				9ABE179926323B7200EE9F48 /* Style.swift */,
				9ABE178A2632325A00EE9F48 /* Components */,
				9A7F3B28262693BE00BD878F /* Preferences.swift */,
				9A9061A0266AC1780043A334 /* PanelProtocol.swift */,
				9ABE17752632295400EE9F48 /* PanelSingleItem.swift */,
				9ABE178226322A0900EE9F48 /* PanelMultiItem.swift */,
				9ABE177D263229FE00EE9F48 /* PanelNoItem.swift */,
				9A481FAD26782335006B91C2 /* PanelAlert.swift */,
			);
			path = Views;
			sourceTree = "<group>";
		};
		9A9C1D512668368B0085ECEA /* Frameworks */ = {
			isa = PBXGroup;
			children = (
				9AFF98D526705CB400E31D2A /* Foundation.framework */,
				9AFF98D326705BC100E31D2A /* CoreFoundation.framework */,
				9A9C1D522668368B0085ECEA /* CloudKit.framework */,
			);
			name = Frameworks;
			sourceTree = "<group>";
		};
		9ABE178A2632325A00EE9F48 /* Components */ = {
			isa = PBXGroup;
			children = (
				9ABE178B2632328100EE9F48 /* ComponentsPanel.swift */,
				9A481FAF267914DA006B91C2 /* ComponentsExtra.swift */,
			);
			path = Components;
			sourceTree = "<group>";
		};
		9ABE17C826372D4000EE9F48 /* Logic */ = {
			isa = PBXGroup;
			children = (
				9AFF98D0266F111800E31D2A /* SettingsData.swift */,
			);
			path = Logic;
			sourceTree = "<group>";
		};
/* End PBXGroup section */

/* Begin PBXNativeTarget section */
		9A43161F26265A1F0071227C /* Informant */ = {
			isa = PBXNativeTarget;
			buildConfigurationList = 9A43164926265A210071227C /* Build configuration list for PBXNativeTarget "Informant" */;
			buildPhases = (
				9A43161C26265A1F0071227C /* Sources */,
				9A43161D26265A1F0071227C /* Frameworks */,
				9A43161E26265A1F0071227C /* Resources */,
				9A7F3B402626A01100BD878F /* Embed App Extensions */,
			);
			buildRules = (
			);
			dependencies = (
			);
			name = Informant;
			packageProductDependencies = (
				9A64FCA92626814B00CE52E4 /* KeyboardShortcuts */,
			);
			productName = Informant;
			productReference = 9A43162026265A1F0071227C /* Informant.app */;
			productType = "com.apple.product-type.application";
		};
		9A43163426265A210071227C /* InformantTests */ = {
			isa = PBXNativeTarget;
			buildConfigurationList = 9A43164C26265A210071227C /* Build configuration list for PBXNativeTarget "InformantTests" */;
			buildPhases = (
				9A43163126265A210071227C /* Sources */,
				9A43163226265A210071227C /* Frameworks */,
				9A43163326265A210071227C /* Resources */,
			);
			buildRules = (
			);
			dependencies = (
				9A43163726265A210071227C /* PBXTargetDependency */,
			);
			name = InformantTests;
			productName = InformantTests;
			productReference = 9A43163526265A210071227C /* InformantTests.xctest */;
			productType = "com.apple.product-type.bundle.unit-test";
		};
		9A43163F26265A210071227C /* InformantUITests */ = {
			isa = PBXNativeTarget;
			buildConfigurationList = 9A43164F26265A210071227C /* Build configuration list for PBXNativeTarget "InformantUITests" */;
			buildPhases = (
				9A43163C26265A210071227C /* Sources */,
				9A43163D26265A210071227C /* Frameworks */,
				9A43163E26265A210071227C /* Resources */,
			);
			buildRules = (
			);
			dependencies = (
				9A43164226265A210071227C /* PBXTargetDependency */,
			);
			name = InformantUITests;
			productName = InformantUITests;
			productReference = 9A43164026265A210071227C /* InformantUITests.xctest */;
			productType = "com.apple.product-type.bundle.ui-testing";
		};
/* End PBXNativeTarget section */

/* Begin PBXProject section */
		9A43161826265A1F0071227C /* Project object */ = {
			isa = PBXProject;
			attributes = {
				LastSwiftUpdateCheck = 1240;
				LastUpgradeCheck = 1250;
				TargetAttributes = {
					9A43161F26265A1F0071227C = {
						CreatedOnToolsVersion = 12.4;
					};
					9A43163426265A210071227C = {
						CreatedOnToolsVersion = 12.4;
						TestTargetID = 9A43161F26265A1F0071227C;
					};
					9A43163F26265A210071227C = {
						CreatedOnToolsVersion = 12.4;
						TestTargetID = 9A43161F26265A1F0071227C;
					};
				};
			};
			buildConfigurationList = 9A43161B26265A1F0071227C /* Build configuration list for PBXProject "Informant" */;
			compatibilityVersion = "Xcode 9.3";
			developmentRegion = en;
			hasScannedForEncodings = 0;
			knownRegions = (
				en,
				Base,
				"zh-Hans",
				fr,
				hi,
				es,
				ja,
				ru,
				it,
				de,
				ar,
				"pt-BR",
				sv,
				"zh-Hant",
				ko,
				tr,
			);
			mainGroup = 9A43161726265A1F0071227C;
			packageReferences = (
				9A64FCA82626814B00CE52E4 /* XCRemoteSwiftPackageReference "KeyboardShortcuts" */,
			);
			productRefGroup = 9A43162126265A1F0071227C /* Products */;
			projectDirPath = "";
			projectRoot = "";
			targets = (
				9A43161F26265A1F0071227C /* Informant */,
				9A43163426265A210071227C /* InformantTests */,
				9A43163F26265A210071227C /* InformantUITests */,
			);
		};
/* End PBXProject section */

/* Begin PBXResourcesBuildPhase section */
		9A43161E26265A1F0071227C /* Resources */ = {
			isa = PBXResourcesBuildPhase;
			buildActionMask = 2147483647;
			files = (
				9A6A5F47265E16B100962B15 /* panel-menu-toggle-icon.png in Resources */,
				9A389165265B0CB2005F0F04 /* Localizable.strings in Resources */,
				9A43162B26265A210071227C /* Preview Assets.xcassets in Resources */,
				9A43162826265A210071227C /* Assets.xcassets in Resources */,
				9AC1AFB8265C1FCA006D1FC8 /* Main.storyboard in Resources */,
				9A6A5F49265E185000962B15 /* menubar-icon.png in Resources */,
			);
			runOnlyForDeploymentPostprocessing = 0;
		};
		9A43163326265A210071227C /* Resources */ = {
			isa = PBXResourcesBuildPhase;
			buildActionMask = 2147483647;
			files = (
			);
			runOnlyForDeploymentPostprocessing = 0;
		};
		9A43163E26265A210071227C /* Resources */ = {
			isa = PBXResourcesBuildPhase;
			buildActionMask = 2147483647;
			files = (
			);
			runOnlyForDeploymentPostprocessing = 0;
		};
/* End PBXResourcesBuildPhase section */

/* Begin PBXSourcesBuildPhase section */
		9A43161C26265A1F0071227C /* Sources */ = {
			isa = PBXSourcesBuildPhase;
			buildActionMask = 2147483647;
			files = (
				9A43162626265A1F0071227C /* ContentView.swift in Sources */,
				9A2DDF74268153A100DB84BA /* SingleAudioSelection.swift in Sources */,
				9AC1AFBA265C2020006D1FC8 /* ContentManager.swift in Sources */,
				9AFF98D9267061C900E31D2A /* TrackingAreaHelper.swift in Sources */,
				9AFF98D1266F111800E31D2A /* SettingsData.swift in Sources */,
				9ABE17A526346C7D00EE9F48 /* MultiSelection.swift in Sources */,
				9ABE178326322A0900EE9F48 /* PanelMultiItem.swift in Sources */,
				9AF88129266AB77D00C6BA93 /* SelectionHelper.swift in Sources */,
				9ABE179A26323B7200EE9F48 /* Style.swift in Sources */,
				9A43165626265D1C0071227C /* StatusBarController.swift in Sources */,
				9A2DDF702681534F00DB84BA /* SingleDirectorySelection.swift in Sources */,
				9ABE17D326372F5C00EE9F48 /* InterfaceHelper.swift in Sources */,
				9ABE177E263229FE00EE9F48 /* PanelNoItem.swift in Sources */,
				9A481FA92677E945006B91C2 /* InactiveWindowTapHelper.swift in Sources */,
				9AC1AFBC265C3F8C006D1FC8 /* InterfaceMenuController.swift in Sources */,
				9A2DDF722681537D00DB84BA /* SingleApplicationSelection.swift in Sources */,
				9ABEAA192663FA070044E18B /* URLDiskAllocationHelper.swift in Sources */,
				9A481FAB26780F86006B91C2 /* InterfaceAlertController.swift in Sources */,
				9A2DDF6C2681441100DB84BA /* SingleImageSelection.swift in Sources */,
				9A481FB0267914DA006B91C2 /* ComponentsExtra.swift in Sources */,
				9A7F3B29262693BE00BD878F /* Preferences.swift in Sources */,
				9A9C1D4E266700BF0085ECEA /* SelectionProtocol.swift in Sources */,
				9A9061A1266AC1780043A334 /* PanelProtocol.swift in Sources */,
				9A7F3B512626BA2700BD878F /* Extensions.swift in Sources */,
				9ABE17762632295400EE9F48 /* PanelSingleItem.swift in Sources */,
				9A43162426265A1F0071227C /* AppDelegate.swift in Sources */,
				9ABE178C2632328100EE9F48 /* ComponentsPanel.swift in Sources */,
				9A7F3B4C2626A37E00BD878F /* AppleScripts.swift in Sources */,
				9A9C1D502667242F0085ECEA /* SingleSelection.swift in Sources */,
				9A64FC9D26266D0800CE52E4 /* GlobalEventMonitor.swift in Sources */,
				9A7F3B2226268F5F00BD878F /* Shortcuts.swift in Sources */,
				9ABE17AD26346D2600EE9F48 /* InterfaceData.swift in Sources */,
				9A2DDF6E2681532F00DB84BA /* SingleMovieSelection.swift in Sources */,
				9A481FB2267921BE006B91C2 /* PasteboardHelper.swift in Sources */,
				9A481FAE26782335006B91C2 /* PanelAlert.swift in Sources */,
			);
			runOnlyForDeploymentPostprocessing = 0;
		};
		9A43163126265A210071227C /* Sources */ = {
			isa = PBXSourcesBuildPhase;
			buildActionMask = 2147483647;
			files = (
				9A43163A26265A210071227C /* InformantTests.swift in Sources */,
			);
			runOnlyForDeploymentPostprocessing = 0;
		};
		9A43163C26265A210071227C /* Sources */ = {
			isa = PBXSourcesBuildPhase;
			buildActionMask = 2147483647;
			files = (
				9A43164526265A210071227C /* InformantUITests.swift in Sources */,
			);
			runOnlyForDeploymentPostprocessing = 0;
		};
/* End PBXSourcesBuildPhase section */

/* Begin PBXTargetDependency section */
		9A43163726265A210071227C /* PBXTargetDependency */ = {
			isa = PBXTargetDependency;
			target = 9A43161F26265A1F0071227C /* Informant */;
			targetProxy = 9A43163626265A210071227C /* PBXContainerItemProxy */;
		};
		9A43164226265A210071227C /* PBXTargetDependency */ = {
			isa = PBXTargetDependency;
			target = 9A43161F26265A1F0071227C /* Informant */;
			targetProxy = 9A43164126265A210071227C /* PBXContainerItemProxy */;
		};
/* End PBXTargetDependency section */

/* Begin PBXVariantGroup section */
		9A389167265B0CB2005F0F04 /* Localizable.strings */ = {
			isa = PBXVariantGroup;
			children = (
				9A389166265B0CB2005F0F04 /* en */,
				9A389169265B1115005F0F04 /* zh-Hans */,
				9A38916A265B11A9005F0F04 /* fr */,
				9A38916B265B11B0005F0F04 /* hi */,
				9A38916C265B11B5005F0F04 /* es */,
				9A38916D265B11CB005F0F04 /* ja */,
				9A38916E265B11D1005F0F04 /* ru */,
				9A38916F265B11D7005F0F04 /* it */,
				9A389170265B11DC005F0F04 /* de */,
				9A389172265B11EA005F0F04 /* ar */,
				9A389174265B12C4005F0F04 /* sv */,
				9A389175265B134D005F0F04 /* pt-BR */,
				9A389176265B135F005F0F04 /* zh-Hant */,
				9A389177265B136C005F0F04 /* ko */,
				9A389178265B137C005F0F04 /* tr */,
			);
			name = Localizable.strings;
			sourceTree = "<group>";
		};
/* End PBXVariantGroup section */

/* Begin XCBuildConfiguration section */
		9A43164726265A210071227C /* Debug */ = {
			isa = XCBuildConfiguration;
			buildSettings = {
				ALWAYS_SEARCH_USER_PATHS = NO;
				CLANG_ANALYZER_LOCALIZABILITY_NONLOCALIZED = YES;
				CLANG_ANALYZER_NONNULL = YES;
				CLANG_ANALYZER_NUMBER_OBJECT_CONVERSION = YES_AGGRESSIVE;
				CLANG_CXX_LANGUAGE_STANDARD = "gnu++14";
				CLANG_CXX_LIBRARY = "libc++";
				CLANG_ENABLE_MODULES = YES;
				CLANG_ENABLE_OBJC_ARC = YES;
				CLANG_ENABLE_OBJC_WEAK = YES;
				CLANG_WARN_BLOCK_CAPTURE_AUTORELEASING = YES;
				CLANG_WARN_BOOL_CONVERSION = YES;
				CLANG_WARN_COMMA = YES;
				CLANG_WARN_CONSTANT_CONVERSION = YES;
				CLANG_WARN_DEPRECATED_OBJC_IMPLEMENTATIONS = YES;
				CLANG_WARN_DIRECT_OBJC_ISA_USAGE = YES_ERROR;
				CLANG_WARN_DOCUMENTATION_COMMENTS = YES;
				CLANG_WARN_EMPTY_BODY = YES;
				CLANG_WARN_ENUM_CONVERSION = YES;
				CLANG_WARN_INFINITE_RECURSION = YES;
				CLANG_WARN_INT_CONVERSION = YES;
				CLANG_WARN_NON_LITERAL_NULL_CONVERSION = YES;
				CLANG_WARN_OBJC_IMPLICIT_RETAIN_SELF = YES;
				CLANG_WARN_OBJC_LITERAL_CONVERSION = YES;
				CLANG_WARN_OBJC_ROOT_CLASS = YES_ERROR;
				CLANG_WARN_QUOTED_INCLUDE_IN_FRAMEWORK_HEADER = YES;
				CLANG_WARN_RANGE_LOOP_ANALYSIS = YES;
				CLANG_WARN_STRICT_PROTOTYPES = YES;
				CLANG_WARN_SUSPICIOUS_MOVE = YES;
				CLANG_WARN_UNGUARDED_AVAILABILITY = YES_AGGRESSIVE;
				CLANG_WARN_UNREACHABLE_CODE = YES;
				CLANG_WARN__DUPLICATE_METHOD_MATCH = YES;
				COPY_PHASE_STRIP = NO;
				DEBUG_INFORMATION_FORMAT = dwarf;
				ENABLE_STRICT_OBJC_MSGSEND = YES;
				ENABLE_TESTABILITY = YES;
				GCC_C_LANGUAGE_STANDARD = gnu11;
				GCC_DYNAMIC_NO_PIC = NO;
				GCC_NO_COMMON_BLOCKS = YES;
				GCC_OPTIMIZATION_LEVEL = 0;
				GCC_PREPROCESSOR_DEFINITIONS = (
					"DEBUG=1",
					"$(inherited)",
				);
				GCC_WARN_64_TO_32_BIT_CONVERSION = YES;
				GCC_WARN_ABOUT_RETURN_TYPE = YES_ERROR;
				GCC_WARN_UNDECLARED_SELECTOR = YES;
				GCC_WARN_UNINITIALIZED_AUTOS = YES_AGGRESSIVE;
				GCC_WARN_UNUSED_FUNCTION = YES;
				GCC_WARN_UNUSED_VARIABLE = YES;
				MACOSX_DEPLOYMENT_TARGET = 11.1;
				MTL_ENABLE_DEBUG_INFO = INCLUDE_SOURCE;
				MTL_FAST_MATH = YES;
				ONLY_ACTIVE_ARCH = YES;
				SDKROOT = macosx;
				SWIFT_ACTIVE_COMPILATION_CONDITIONS = DEBUG;
				SWIFT_OPTIMIZATION_LEVEL = "-Onone";
			};
			name = Debug;
		};
		9A43164826265A210071227C /* Release */ = {
			isa = XCBuildConfiguration;
			buildSettings = {
				ALWAYS_SEARCH_USER_PATHS = NO;
				CLANG_ANALYZER_LOCALIZABILITY_NONLOCALIZED = YES;
				CLANG_ANALYZER_NONNULL = YES;
				CLANG_ANALYZER_NUMBER_OBJECT_CONVERSION = YES_AGGRESSIVE;
				CLANG_CXX_LANGUAGE_STANDARD = "gnu++14";
				CLANG_CXX_LIBRARY = "libc++";
				CLANG_ENABLE_MODULES = YES;
				CLANG_ENABLE_OBJC_ARC = YES;
				CLANG_ENABLE_OBJC_WEAK = YES;
				CLANG_WARN_BLOCK_CAPTURE_AUTORELEASING = YES;
				CLANG_WARN_BOOL_CONVERSION = YES;
				CLANG_WARN_COMMA = YES;
				CLANG_WARN_CONSTANT_CONVERSION = YES;
				CLANG_WARN_DEPRECATED_OBJC_IMPLEMENTATIONS = YES;
				CLANG_WARN_DIRECT_OBJC_ISA_USAGE = YES_ERROR;
				CLANG_WARN_DOCUMENTATION_COMMENTS = YES;
				CLANG_WARN_EMPTY_BODY = YES;
				CLANG_WARN_ENUM_CONVERSION = YES;
				CLANG_WARN_INFINITE_RECURSION = YES;
				CLANG_WARN_INT_CONVERSION = YES;
				CLANG_WARN_NON_LITERAL_NULL_CONVERSION = YES;
				CLANG_WARN_OBJC_IMPLICIT_RETAIN_SELF = YES;
				CLANG_WARN_OBJC_LITERAL_CONVERSION = YES;
				CLANG_WARN_OBJC_ROOT_CLASS = YES_ERROR;
				CLANG_WARN_QUOTED_INCLUDE_IN_FRAMEWORK_HEADER = YES;
				CLANG_WARN_RANGE_LOOP_ANALYSIS = YES;
				CLANG_WARN_STRICT_PROTOTYPES = YES;
				CLANG_WARN_SUSPICIOUS_MOVE = YES;
				CLANG_WARN_UNGUARDED_AVAILABILITY = YES_AGGRESSIVE;
				CLANG_WARN_UNREACHABLE_CODE = YES;
				CLANG_WARN__DUPLICATE_METHOD_MATCH = YES;
				COPY_PHASE_STRIP = NO;
				DEBUG_INFORMATION_FORMAT = "dwarf-with-dsym";
				ENABLE_NS_ASSERTIONS = NO;
				ENABLE_STRICT_OBJC_MSGSEND = YES;
				GCC_C_LANGUAGE_STANDARD = gnu11;
				GCC_NO_COMMON_BLOCKS = YES;
				GCC_WARN_64_TO_32_BIT_CONVERSION = YES;
				GCC_WARN_ABOUT_RETURN_TYPE = YES_ERROR;
				GCC_WARN_UNDECLARED_SELECTOR = YES;
				GCC_WARN_UNINITIALIZED_AUTOS = YES_AGGRESSIVE;
				GCC_WARN_UNUSED_FUNCTION = YES;
				GCC_WARN_UNUSED_VARIABLE = YES;
				MACOSX_DEPLOYMENT_TARGET = 11.1;
				MTL_ENABLE_DEBUG_INFO = NO;
				MTL_FAST_MATH = YES;
				SDKROOT = macosx;
				SWIFT_COMPILATION_MODE = wholemodule;
				SWIFT_OPTIMIZATION_LEVEL = "-O";
			};
			name = Release;
		};
		9A43164A26265A210071227C /* Debug */ = {
			isa = XCBuildConfiguration;
			buildSettings = {
				ASSETCATALOG_COMPILER_APPICON_NAME = AppIcon;
				ASSETCATALOG_COMPILER_GLOBAL_ACCENT_COLOR_NAME = AccentColor;
				CODE_SIGN_ENTITLEMENTS = Informant/Informant.entitlements;
				CODE_SIGN_IDENTITY = "-";
				CODE_SIGN_STYLE = Automatic;
				COMBINE_HIDPI_IMAGES = YES;
				DEVELOPMENT_ASSET_PATHS = "\"Informant/Preview Content\"";
				DEVELOPMENT_TEAM = B2VHRNJV5H;
				ENABLE_HARDENED_RUNTIME = YES;
				ENABLE_PREVIEWS = YES;
				INFOPLIST_FILE = Informant/Info.plist;
				LD_RUNPATH_SEARCH_PATHS = (
					"$(inherited)",
					"@executable_path/../Frameworks",
				);
				MACOSX_DEPLOYMENT_TARGET = 10.15;
				PRODUCT_BUNDLE_IDENTIFIER = com.tyirvine.Informant;
				PRODUCT_NAME = "$(TARGET_NAME)";
				SWIFT_INSTALL_OBJC_HEADER = NO;
				SWIFT_OBJC_BRIDGING_HEADER = "";
				SWIFT_VERSION = 5.0;
			};
			name = Debug;
		};
		9A43164B26265A210071227C /* Release */ = {
			isa = XCBuildConfiguration;
			buildSettings = {
				ASSETCATALOG_COMPILER_APPICON_NAME = AppIcon;
				ASSETCATALOG_COMPILER_GLOBAL_ACCENT_COLOR_NAME = AccentColor;
				CODE_SIGN_ENTITLEMENTS = Informant/Informant.entitlements;
				CODE_SIGN_IDENTITY = "-";
				CODE_SIGN_STYLE = Automatic;
				COMBINE_HIDPI_IMAGES = YES;
				DEVELOPMENT_ASSET_PATHS = "\"Informant/Preview Content\"";
				DEVELOPMENT_TEAM = B2VHRNJV5H;
				ENABLE_HARDENED_RUNTIME = YES;
				ENABLE_PREVIEWS = YES;
				INFOPLIST_FILE = Informant/Info.plist;
				LD_RUNPATH_SEARCH_PATHS = (
					"$(inherited)",
					"@executable_path/../Frameworks",
				);
				MACOSX_DEPLOYMENT_TARGET = 10.15;
				PRODUCT_BUNDLE_IDENTIFIER = com.tyirvine.Informant;
				PRODUCT_NAME = "$(TARGET_NAME)";
				SWIFT_INSTALL_OBJC_HEADER = NO;
				SWIFT_OBJC_BRIDGING_HEADER = "";
				SWIFT_VERSION = 5.0;
			};
			name = Release;
		};
		9A43164D26265A210071227C /* Debug */ = {
			isa = XCBuildConfiguration;
			buildSettings = {
				ALWAYS_EMBED_SWIFT_STANDARD_LIBRARIES = YES;
				BUNDLE_LOADER = "$(TEST_HOST)";
				CODE_SIGN_STYLE = Automatic;
				COMBINE_HIDPI_IMAGES = YES;
				DEVELOPMENT_TEAM = B2VHRNJV5H;
				INFOPLIST_FILE = InformantTests/Info.plist;
				LD_RUNPATH_SEARCH_PATHS = (
					"$(inherited)",
					"@executable_path/../Frameworks",
					"@loader_path/../Frameworks",
				);
				MACOSX_DEPLOYMENT_TARGET = 10.15;
				PRODUCT_BUNDLE_IDENTIFIER = com.tyirvine.InformantTests;
				PRODUCT_NAME = "$(TARGET_NAME)";
				SWIFT_VERSION = 5.0;
				TEST_HOST = "$(BUILT_PRODUCTS_DIR)/Informant.app/Contents/MacOS/Informant";
			};
			name = Debug;
		};
		9A43164E26265A210071227C /* Release */ = {
			isa = XCBuildConfiguration;
			buildSettings = {
				ALWAYS_EMBED_SWIFT_STANDARD_LIBRARIES = YES;
				BUNDLE_LOADER = "$(TEST_HOST)";
				CODE_SIGN_STYLE = Automatic;
				COMBINE_HIDPI_IMAGES = YES;
				DEVELOPMENT_TEAM = B2VHRNJV5H;
				INFOPLIST_FILE = InformantTests/Info.plist;
				LD_RUNPATH_SEARCH_PATHS = (
					"$(inherited)",
					"@executable_path/../Frameworks",
					"@loader_path/../Frameworks",
				);
				MACOSX_DEPLOYMENT_TARGET = 10.15;
				PRODUCT_BUNDLE_IDENTIFIER = com.tyirvine.InformantTests;
				PRODUCT_NAME = "$(TARGET_NAME)";
				SWIFT_VERSION = 5.0;
				TEST_HOST = "$(BUILT_PRODUCTS_DIR)/Informant.app/Contents/MacOS/Informant";
			};
			name = Release;
		};
		9A43165026265A210071227C /* Debug */ = {
			isa = XCBuildConfiguration;
			buildSettings = {
				ALWAYS_EMBED_SWIFT_STANDARD_LIBRARIES = YES;
				CODE_SIGN_STYLE = Automatic;
				COMBINE_HIDPI_IMAGES = YES;
				DEVELOPMENT_TEAM = B2VHRNJV5H;
				INFOPLIST_FILE = InformantUITests/Info.plist;
				LD_RUNPATH_SEARCH_PATHS = (
					"$(inherited)",
					"@executable_path/../Frameworks",
					"@loader_path/../Frameworks",
				);
				PRODUCT_BUNDLE_IDENTIFIER = com.tyirvine.InformantUITests;
				PRODUCT_NAME = "$(TARGET_NAME)";
				SWIFT_VERSION = 5.0;
				TEST_TARGET_NAME = Informant;
			};
			name = Debug;
		};
		9A43165126265A210071227C /* Release */ = {
			isa = XCBuildConfiguration;
			buildSettings = {
				ALWAYS_EMBED_SWIFT_STANDARD_LIBRARIES = YES;
				CODE_SIGN_STYLE = Automatic;
				COMBINE_HIDPI_IMAGES = YES;
				DEVELOPMENT_TEAM = B2VHRNJV5H;
				INFOPLIST_FILE = InformantUITests/Info.plist;
				LD_RUNPATH_SEARCH_PATHS = (
					"$(inherited)",
					"@executable_path/../Frameworks",
					"@loader_path/../Frameworks",
				);
				PRODUCT_BUNDLE_IDENTIFIER = com.tyirvine.InformantUITests;
				PRODUCT_NAME = "$(TARGET_NAME)";
				SWIFT_VERSION = 5.0;
				TEST_TARGET_NAME = Informant;
			};
			name = Release;
		};
/* End XCBuildConfiguration section */

/* Begin XCConfigurationList section */
		9A43161B26265A1F0071227C /* Build configuration list for PBXProject "Informant" */ = {
			isa = XCConfigurationList;
			buildConfigurations = (
				9A43164726265A210071227C /* Debug */,
				9A43164826265A210071227C /* Release */,
			);
			defaultConfigurationIsVisible = 0;
			defaultConfigurationName = Release;
		};
		9A43164926265A210071227C /* Build configuration list for PBXNativeTarget "Informant" */ = {
			isa = XCConfigurationList;
			buildConfigurations = (
				9A43164A26265A210071227C /* Debug */,
				9A43164B26265A210071227C /* Release */,
			);
			defaultConfigurationIsVisible = 0;
			defaultConfigurationName = Release;
		};
		9A43164C26265A210071227C /* Build configuration list for PBXNativeTarget "InformantTests" */ = {
			isa = XCConfigurationList;
			buildConfigurations = (
				9A43164D26265A210071227C /* Debug */,
				9A43164E26265A210071227C /* Release */,
			);
			defaultConfigurationIsVisible = 0;
			defaultConfigurationName = Release;
		};
		9A43164F26265A210071227C /* Build configuration list for PBXNativeTarget "InformantUITests" */ = {
			isa = XCConfigurationList;
			buildConfigurations = (
				9A43165026265A210071227C /* Debug */,
				9A43165126265A210071227C /* Release */,
			);
			defaultConfigurationIsVisible = 0;
			defaultConfigurationName = Release;
		};
/* End XCConfigurationList section */

/* Begin XCRemoteSwiftPackageReference section */
		9A64FCA82626814B00CE52E4 /* XCRemoteSwiftPackageReference "KeyboardShortcuts" */ = {
			isa = XCRemoteSwiftPackageReference;
			repositoryURL = "https://github.com/sindresorhus/KeyboardShortcuts";
			requirement = {
				kind = upToNextMajorVersion;
				minimumVersion = 1.0.0;
			};
		};
/* End XCRemoteSwiftPackageReference section */

/* Begin XCSwiftPackageProductDependency section */
		9A64FCA92626814B00CE52E4 /* KeyboardShortcuts */ = {
			isa = XCSwiftPackageProductDependency;
			package = 9A64FCA82626814B00CE52E4 /* XCRemoteSwiftPackageReference "KeyboardShortcuts" */;
			productName = KeyboardShortcuts;
		};
/* End XCSwiftPackageProductDependency section */
	};
	rootObject = 9A43161826265A1F0071227C /* Project object */;
}
