{
  "object": {
    "pins": [
      {
        "package": "KeyboardShortcuts",
        "repositoryURL": "https://github.com/sindresorhus/KeyboardShortcuts",
        "state": {
          "branch": null,
          "revision": "c5d135bf82e47e4385540a2ea3e7b1079a37064a",
          "version": "1.0.0"
        }
      },
      {
        "package": "Rainbow",
        "repositoryURL": "https://github.com/onevcat/Rainbow",
        "state": {
          "branch": null,
          "revision": "7c3dad0e918534c6d19dd1048bde734c246d05fe",
          "version": "4.0.0"
        }
      }
    ]
  },
  "version": 1
}
